// !$*UTF8*$!
{
	archiveVersion = 1;
	classes = {
	};
	objectVersion = 46;
	objects = {

/* Begin PBXBuildFile section */
		905A48CD1C71D9C800F5E892 /* AppDelegate.swift in Sources */ = {isa = PBXBuildFile; fileRef = 905A48CC1C71D9C800F5E892 /* AppDelegate.swift */; };
		905A48CF1C71D9C800F5E892 /* ViewController.swift in Sources */ = {isa = PBXBuildFile; fileRef = 905A48CE1C71D9C800F5E892 /* ViewController.swift */; };
		905A48D21C71D9C800F5E892 /* Main.storyboard in Resources */ = {isa = PBXBuildFile; fileRef = 905A48D01C71D9C800F5E892 /* Main.storyboard */; };
		905A48D41C71D9C800F5E892 /* Assets.xcassets in Resources */ = {isa = PBXBuildFile; fileRef = 905A48D31C71D9C800F5E892 /* Assets.xcassets */; };
		905A48D71C71D9C800F5E892 /* LaunchScreen.storyboard in Resources */ = {isa = PBXBuildFile; fileRef = 905A48D51C71D9C800F5E892 /* LaunchScreen.storyboard */; };
/* End PBXBuildFile section */

/* Begin PBXFileReference section */
		905A48C91C71D9C800F5E892 /* JQDemoSwift.app */ = {isa = PBXFileReference; explicitFileType = wrapper.application; includeInIndex = 0; path = JQDemoSwift.app; sourceTree = BUILT_PRODUCTS_DIR; };
		905A48CC1C71D9C800F5E892 /* AppDelegate.swift */ = {isa = PBXFileReference; lastKnownFileType = sourcecode.swift; path = AppDelegate.swift; sourceTree = "<group>"; };
		905A48CE1C71D9C800F5E892 /* ViewController.swift */ = {isa = PBXFileReference; lastKnownFileType = sourcecode.swift; path = ViewController.swift; sourceTree = "<group>"; };
		905A48D11C71D9C800F5E892 /* Base */ = {isa = PBXFileReference; lastKnownFileType = file.storyboard; name = Base; path = Base.lproj/Main.storyboard; sourceTree = "<group>"; };
		905A48D31C71D9C800F5E892 /* Assets.xcassets */ = {isa = PBXFileReference; lastKnownFileType = folder.assetcatalog; path = Assets.xcassets; sourceTree = "<group>"; };
		905A48D61C71D9C800F5E892 /* Base */ = {isa = PBXFileReference; lastKnownFileType = file.storyboard; name = Base; path = Base.lproj/LaunchScreen.storyboard; sourceTree = "<group>"; };
		905A48D81C71D9C800F5E892 /* Info.plist */ = {isa = PBXFileReference; lastKnownFileType = text.plist.xml; path = Info.plist; sourceTree = "<group>"; };
/* End PBXFileReference section */

/* Begin PBXFrameworksBuildPhase section */
		905A48C61C71D9C800F5E892 /* Frameworks */ = {
			isa = PBXFrameworksBuildPhase;
			buildActionMask = 2147483647;
			files = (
			);
			runOnlyForDeploymentPostprocessing = 0;
		};
/* End PBXFrameworksBuildPhase section */

/* Begin PBXGroup section */
		905A48C01C71D9C800F5E892 = {
			isa = PBXGroup;
			children = (
				905A48CB1C71D9C800F5E892 /* JQDemoSwift */,
				905A48CA1C71D9C800F5E892 /* Products */,
			);
			sourceTree = "<group>";
		};
		905A48CA1C71D9C800F5E892 /* Products */ = {
			isa = PBXGroup;
			children = (
				905A48C91C71D9C800F5E892 /* JQDemoSwift.app */,
			);
			name = Products;
			sourceTree = "<group>";
		};
		905A48CB1C71D9C800F5E892 /* JQDemoSwift */ = {
			isa = PBXGroup;
			children = (
				905A48CC1C71D9C800F5E892 /* AppDelegate.swift */,
				905A48CE1C71D9C800F5E892 /* ViewController.swift */,
				905A48D01C71D9C800F5E892 /* Main.storyboard */,
				905A48D31C71D9C800F5E892 /* Assets.xcassets */,
				905A48D51C71D9C800F5E892 /* LaunchScreen.storyboard */,
				905A48D81C71D9C800F5E892 /* Info.plist */,
			);
			path = JQDemoSwift;
			sourceTree = "<group>";
		};
/* End PBXGroup section */

/* Begin PBXNativeTarget section */
		905A48C81C71D9C800F5E892 /* JQDemoSwift */ = {
			isa = PBXNativeTarget;
			buildConfigurationList = 905A48DB1C71D9C800F5E892 /* Build configuration list for PBXNativeTarget "JQDemoSwift" */;
			buildPhases = (
				905A48C51C71D9C800F5E892 /* Sources */,
				905A48C61C71D9C800F5E892 /* Frameworks */,
				905A48C71C71D9C800F5E892 /* Resources */,
			);
			buildRules = (
			);
			dependencies = (
			);
			name = JQDemoSwift;
			productName = JQDemoSwift;
			productReference = 905A48C91C71D9C800F5E892 /* JQDemoSwift.app */;
			productType = "com.apple.product-type.application";
		};
/* End PBXNativeTarget section */

/* Begin PBXProject section */
		905A48C11C71D9C800F5E892 /* Project object */ = {
			isa = PBXProject;
			attributes = {
				LastSwiftUpdateCheck = 0720;
				LastUpgradeCheck = 0720;
				ORGANIZATIONNAME = JQTech;
				TargetAttributes = {
					905A48C81C71D9C800F5E892 = {
						CreatedOnToolsVersion = 7.2.1;
					};
				};
			};
			buildConfigurationList = 905A48C41C71D9C800F5E892 /* Build configuration list for PBXProject "JQDemoSwift" */;
			compatibilityVersion = "Xcode 3.2";
			developmentRegion = English;
			hasScannedForEncodings = 0;
			knownRegions = (
				en,
				Base,
			);
			mainGroup = 905A48C01C71D9C800F5E892;
			productRefGroup = 905A48CA1C71D9C800F5E892 /* Products */;
			projectDirPath = "";
			projectRoot = "";
			targets = (
				905A48C81C71D9C800F5E892 /* JQDemoSwift */,
			);
		};
/* End PBXProject section */

/* Begin PBXResourcesBuildPhase section */
		905A48C71C71D9C800F5E892 /* Resources */ = {
			isa = PBXResourcesBuildPhase;
			buildActionMask = 2147483647;
			files = (
				905A48D71C71D9C800F5E892 /* LaunchScreen.storyboard in Resources */,
				905A48D41C71D9C800F5E892 /* Assets.xcassets in Resources */,
				905A48D21C71D9C800F5E892 /* Main.storyboard in Resources */,
			);
			runOnlyForDeploymentPostprocessing = 0;
		};
/* End PBXResourcesBuildPhase section */

/* Begin PBXSourcesBuildPhase section */
		905A48C51C71D9C800F5E892 /* Sources */ = {
			isa = PBXSourcesBuildPhase;
			buildActionMask = 2147483647;
			files = (
				905A48CF1C71D9C800F5E892 /* ViewController.swift in Sources */,
				905A48CD1C71D9C800F5E892 /* AppDelegate.swift in Sources */,
			);
			runOnlyForDeploymentPostprocessing = 0;
		};
/* End PBXSourcesBuildPhase section */

/* Begin PBXVariantGroup section */
		905A48D01C71D9C800F5E892 /* Main.storyboard */ = {
			isa = PBXVariantGroup;
			children = (
				905A48D11C71D9C800F5E892 /* Base */,
			);
			name = Main.storyboard;
			sourceTree = "<group>";
		};
		905A48D51C71D9C800F5E892 /* LaunchScreen.storyboard */ = {
			isa = PBXVariantGroup;
			children = (
				905A48D61C71D9C800F5E892 /* Base */,
			);
			name = LaunchScreen.storyboard;
			sourceTree = "<group>";
		};
/* End PBXVariantGroup section */

/* Begin XCBuildConfiguration section */
		905A48D91C71D9C800F5E892 /* Debug */ = {
			isa = XCBuildConfiguration;
			buildSettings = {
				ALWAYS_SEARCH_USER_PATHS = NO;
				CLANG_CXX_LANGUAGE_STANDARD = "gnu++0x";
				CLANG_CXX_LIBRARY = "libc++";
				CLANG_ENABLE_MODULES = YES;
				CLANG_ENABLE_OBJC_ARC = YES;
				CLANG_WARN_BOOL_CONVERSION = YES;
				CLANG_WARN_CONSTANT_CONVERSION = YES;
				CLANG_WARN_DIRECT_OBJC_ISA_USAGE = YES_ERROR;
				CLANG_WARN_EMPTY_BODY = YES;
				CLANG_WARN_ENUM_CONVERSION = YES;
				CLANG_WARN_INT_CONVERSION = YES;
				CLANG_WARN_OBJC_ROOT_CLASS = YES_ERROR;
				CLANG_WARN_UNREACHABLE_CODE = YES;
				CLANG_WARN__DUPLICATE_METHOD_MATCH = YES;
				"CODE_SIGN_IDENTITY[sdk=iphoneos*]" = "iPhone Developer";
				COPY_PHASE_STRIP = NO;
				DEBUG_INFORMATION_FORMAT = dwarf;
				ENABLE_STRICT_OBJC_MSGSEND = YES;
				ENABLE_TESTABILITY = YES;
				GCC_C_LANGUAGE_STANDARD = gnu99;
				GCC_DYNAMIC_NO_PIC = NO;
				GCC_NO_COMMON_BLOCKS = YES;
				GCC_OPTIMIZATION_LEVEL = 0;
				GCC_PREPROCESSOR_DEFINITIONS = (
					"DEBUG=1",
					"$(inherited)",
				);
				GCC_WARN_64_TO_32_BIT_CONVERSION = YES;
				GCC_WARN_ABOUT_RETURN_TYPE = YES_ERROR;
				GCC_WARN_UNDECLARED_SELECTOR = YES;
				GCC_WARN_UNINITIALIZED_AUTOS = YES_AGGRESSIVE;
				GCC_WARN_UNUSED_FUNCTION = YES;
				GCC_WARN_UNUSED_VARIABLE = YES;
				IPHONEOS_DEPLOYMENT_TARGET = 9.2;
				MTL_ENABLE_DEBUG_INFO = YES;
				ONLY_ACTIVE_ARCH = YES;
				SDKROOT = iphoneos;
				SWIFT_OPTIMIZATION_LEVEL = "-Onone";
				TARGETED_DEVICE_FAMILY = "1,2";
			};
			name = Debug;
		};
		905A48DA1C71D9C800F5E892 /* Release */ = {
			isa = XCBuildConfiguration;
			buildSettings = {
				ALWAYS_SEARCH_USER_PATHS = NO;
				CLANG_CXX_LANGUAGE_STANDARD = "gnu++0x";
				CLANG_CXX_LIBRARY = "libc++";
				CLANG_ENABLE_MODULES = YES;
				CLANG_ENABLE_OBJC_ARC = YES;
				CLANG_WARN_BOOL_CONVERSION = YES;
				CLANG_WARN_CONSTANT_CONVERSION = YES;
				CLANG_WARN_DIRECT_OBJC_ISA_USAGE = YES_ERROR;
				CLANG_WARN_EMPTY_BODY = YES;
				CLANG_WARN_ENUM_CONVERSION = YES;
				CLANG_WARN_INT_CONVERSION = YES;
				CLANG_WARN_OBJC_ROOT_CLASS = YES_ERROR;
				CLANG_WARN_UNREACHABLE_CODE = YES;
				CLANG_WARN__DUPLICATE_METHOD_MATCH = YES;
				"CODE_SIGN_IDENTITY[sdk=iphoneos*]" = "iPhone Developer";
				COPY_PHASE_STRIP = NO;
				DEBUG_INFORMATION_FORMAT = "dwarf-with-dsym";
				ENABLE_NS_ASSERTIONS = NO;
				ENABLE_STRICT_OBJC_MSGSEND = YES;
				GCC_C_LANGUAGE_STANDARD = gnu99;
				GCC_NO_COMMON_BLOCKS = YES;
				GCC_WARN_64_TO_32_BIT_CONVERSION = YES;
				GCC_WARN_ABOUT_RETURN_TYPE = YES_ERROR;
				GCC_WARN_UNDECLARED_SELECTOR = YES;
				GCC_WARN_UNINITIALIZED_AUTOS = YES_AGGRESSIVE;
				GCC_WARN_UNUSED_FUNCTION = YES;
				GCC_WARN_UNUSED_VARIABLE = YES;
				IPHONEOS_DEPLOYMENT_TARGET = 9.2;
				MTL_ENABLE_DEBUG_INFO = NO;
				SDKROOT = iphoneos;
				TARGETED_DEVICE_FAMILY = "1,2";
				VALIDATE_PRODUCT = YES;
			};
			name = Release;
		};
		905A48DC1C71D9C800F5E892 /* Debug */ = {
			isa = XCBuildConfiguration;
			buildSettings = {
				ASSETCATALOG_COMPILER_APPICON_NAME = AppIcon;
				INFOPLIST_FILE = JQDemoSwift/Info.plist;
				LD_RUNPATH_SEARCH_PATHS = "$(inherited) @executable_path/Frameworks";
				PRODUCT_BUNDLE_IDENTIFIER = cn.songjiaqiang.JQDemoSwift;
				PRODUCT_NAME = "$(TARGET_NAME)";
			};
			name = Debug;
		};
		905A48DD1C71D9C800F5E892 /* Release */ = {
			isa = XCBuildConfiguration;
			buildSettings = {
				ASSETCATALOG_COMPILER_APPICON_NAME = AppIcon;
				INFOPLIST_FILE = JQDemoSwift/Info.plist;
				LD_RUNPATH_SEARCH_PATHS = "$(inherited) @executable_path/Frameworks";
				PRODUCT_BUNDLE_IDENTIFIER = cn.songjiaqiang.JQDemoSwift;
				PRODUCT_NAME = "$(TARGET_NAME)";
			};
			name = Release;
		};
/* End XCBuildConfiguration section */

/* Begin XCConfigurationList section */
		905A48C41C71D9C800F5E892 /* Build configuration list for PBXProject "JQDemoSwift" */ = {
			isa = XCConfigurationList;
			buildConfigurations = (
				905A48D91C71D9C800F5E892 /* Debug */,
				905A48DA1C71D9C800F5E892 /* Release */,
			);
			defaultConfigurationIsVisible = 0;
			defaultConfigurationName = Release;
		};
		905A48DB1C71D9C800F5E892 /* Build configuration list for PBXNativeTarget "JQDemoSwift" */ = {
			isa = XCConfigurationList;
			buildConfigurations = (
				905A48DC1C71D9C800F5E892 /* Debug */,
				905A48DD1C71D9C800F5E892 /* Release */,
			);
			defaultConfigurationIsVisible = 0;
		};
/* End XCConfigurationList section */
	};
	rootObject = 905A48C11C71D9C800F5E892 /* Project object */;
}
