// !$*UTF8*$!
{
	archiveVersion = 1;
	classes = {
	};
	objectVersion = 46;
	objects = {

/* Begin PBXBuildFile section */
		90032D0C1BEF04E700F41ED3 /* UIImage+CustomImage.m in Sources */ = {isa = PBXBuildFile; fileRef = 90032D0B1BEF04E700F41ED3 /* UIImage+CustomImage.m */; };
		90032D101BEF130C00F41ED3 /* Demo.m in Sources */ = {isa = PBXBuildFile; fileRef = 90032D0F1BEF130C00F41ED3 /* Demo.m */; };
		9005976D1C7AD3C5001C31FA /* GalleryImagePickerController.m in Sources */ = {isa = PBXBuildFile; fileRef = 9005976A1C7AD3C5001C31FA /* GalleryImagePickerController.m */; };
		9005976E1C7AD3C5001C31FA /* GalleryImagePickerView.m in Sources */ = {isa = PBXBuildFile; fileRef = 9005976C1C7AD3C5001C31FA /* GalleryImagePickerView.m */; };
		903C7FBD1BAADA54004AA3C2 /* MeowButton.m in Sources */ = {isa = PBXBuildFile; fileRef = 903C7FBC1BAADA54004AA3C2 /* MeowButton.m */; };
		904746001C882336000DFE79 /* DocViewController.m in Sources */ = {isa = PBXBuildFile; fileRef = 904745FF1C882336000DFE79 /* DocViewController.m */; };
		904746151C8828EC000DFE79 /* filelist.xml in Resources */ = {isa = PBXBuildFile; fileRef = 904746101C8828EC000DFE79 /* filelist.xml */; };
		904746161C8828EC000DFE79 /* header.html in Resources */ = {isa = PBXBuildFile; fileRef = 904746111C8828EC000DFE79 /* header.html */; };
		904746171C8828EC000DFE79 /* image001.jpg in Resources */ = {isa = PBXBuildFile; fileRef = 904746121C8828EC000DFE79 /* image001.jpg */; };
		904746181C8828EC000DFE79 /* themedata.thmx in Resources */ = {isa = PBXBuildFile; fileRef = 904746131C8828EC000DFE79 /* themedata.thmx */; };
		904746191C8828EC000DFE79 /* xxx.html in Resources */ = {isa = PBXBuildFile; fileRef = 904746141C8828EC000DFE79 /* xxx.html */; };
		9047461D1C882DF1000DFE79 /* SimpleFragment.glsl in Resources */ = {isa = PBXBuildFile; fileRef = 9047461B1C882DF1000DFE79 /* SimpleFragment.glsl */; };
		9047461E1C882DF1000DFE79 /* SimpleVertex.glsl in Resources */ = {isa = PBXBuildFile; fileRef = 9047461C1C882DF1000DFE79 /* SimpleVertex.glsl */; };
		904746211C882DFD000DFE79 /* item_powerup_fish.png in Resources */ = {isa = PBXBuildFile; fileRef = 9047461F1C882DFD000DFE79 /* item_powerup_fish.png */; };
		904746221C882DFD000DFE79 /* tile_floor.png in Resources */ = {isa = PBXBuildFile; fileRef = 904746201C882DFD000DFE79 /* tile_floor.png */; };
		904746271C888B21000DFE79 /* CoreDataViewController.m in Sources */ = {isa = PBXBuildFile; fileRef = 904746261C888B21000DFE79 /* CoreDataViewController.m */; };
		9047462A1C8897CD000DFE79 /* Main.xcdatamodeld in Sources */ = {isa = PBXBuildFile; fileRef = 904746281C8897CD000DFE79 /* Main.xcdatamodeld */; };
		9047462D1C889824000DFE79 /* MeowButton.m in Sources */ = {isa = PBXBuildFile; fileRef = 9047462C1C889824000DFE79 /* MeowButton.m */; };
		904746561C892914000DFE79 /* NewItemViewController.m in Sources */ = {isa = PBXBuildFile; fileRef = 904746551C892914000DFE79 /* NewItemViewController.m */; };
		905933E11BFC569E00F558C6 /* GradientTriangleController.m in Sources */ = {isa = PBXBuildFile; fileRef = 905933E01BFC569E00F558C6 /* GradientTriangleController.m */; };
		905933E41BFC5F5400F558C6 /* GradientTriangleView.m in Sources */ = {isa = PBXBuildFile; fileRef = 905933E31BFC5F5400F558C6 /* GradientTriangleView.m */; };
		905933E71BFC620A00F558C6 /* GradientLayer.m in Sources */ = {isa = PBXBuildFile; fileRef = 905933E61BFC620A00F558C6 /* GradientLayer.m */; };
		9097F11F1BEE61DA00C5533E /* MeowButtonViewController.m in Sources */ = {isa = PBXBuildFile; fileRef = 9097F11E1BEE61DA00C5533E /* MeowButtonViewController.m */; };
		90A8D2BE1C843CF400315B3F /* OpenGLController.m in Sources */ = {isa = PBXBuildFile; fileRef = 90A8D2BD1C843CF400315B3F /* OpenGLController.m */; };
		90A8D2C11C84406900315B3F /* OpenGLView.m in Sources */ = {isa = PBXBuildFile; fileRef = 90A8D2C01C84406900315B3F /* OpenGLView.m */; };
		90A8D2C31C8440AD00315B3F /* OpenGLES.framework in Frameworks */ = {isa = PBXBuildFile; fileRef = 90A8D2C21C8440AD00315B3F /* OpenGLES.framework */; };
		90A8D2C51C8440B400315B3F /* QuartzCore.framework in Frameworks */ = {isa = PBXBuildFile; fileRef = 90A8D2C41C8440B400315B3F /* QuartzCore.framework */; };
		90A8D2E71C8546C900315B3F /* UIView+AutoLayout.m in Sources */ = {isa = PBXBuildFile; fileRef = 90A8D2DB1C8546C900315B3F /* UIView+AutoLayout.m */; };
		90A8D3051C85522E00315B3F /* Info.plist in Resources */ = {isa = PBXBuildFile; fileRef = DBF24DE21AF1CE1900B4DA8D /* Info.plist */; };
		90C3A0EC1C85730200312C5C /* CC3Foundation.m in Sources */ = {isa = PBXBuildFile; fileRef = 90C3A0E31C85730100312C5C /* CC3Foundation.m */; settings = {COMPILER_FLAGS = "-fno-objc-arc"; }; };
		90C3A0ED1C85730200312C5C /* CC3GLMatrix.m in Sources */ = {isa = PBXBuildFile; fileRef = 90C3A0E51C85730100312C5C /* CC3GLMatrix.m */; settings = {COMPILER_FLAGS = "-fno-objc-arc"; }; };
		90C3A0EE1C85730200312C5C /* CC3Kazmath.mm in Sources */ = {isa = PBXBuildFile; fileRef = 90C3A0E61C85730100312C5C /* CC3Kazmath.mm */; };
		90C3A0EF1C85730200312C5C /* CC3Math.m in Sources */ = {isa = PBXBuildFile; fileRef = 90C3A0EA1C85730200312C5C /* CC3Math.m */; settings = {COMPILER_FLAGS = "-fno-objc-arc"; }; };
		90C3A0F01C8590F900312C5C /* CoreGraphics.framework in Frameworks */ = {isa = PBXBuildFile; fileRef = 90A8D31D1C85697900315B3F /* CoreGraphics.framework */; };
		90ED03321BF08E510020933E /* ContactViewController.m in Sources */ = {isa = PBXBuildFile; fileRef = 90ED03311BF08E510020933E /* ContactViewController.m */; };
		90FA3C4D1BEA0526003ABE02 /* TableViewTestController.m in Sources */ = {isa = PBXBuildFile; fileRef = 90FA3C4C1BEA0526003ABE02 /* TableViewTestController.m */; };
		90FA3C511BEA0623003ABE02 /* TableViewTest1Cell.m in Sources */ = {isa = PBXBuildFile; fileRef = 90FA3C4F1BEA0623003ABE02 /* TableViewTest1Cell.m */; };
		90FA3C521BEA0623003ABE02 /* TableViewTest1Cell.xib in Resources */ = {isa = PBXBuildFile; fileRef = 90FA3C501BEA0623003ABE02 /* TableViewTest1Cell.xib */; };
		DB223FE41B831D350028847D /* OpenAppURLMainController.m in Sources */ = {isa = PBXBuildFile; fileRef = DB223FE31B831D350028847D /* OpenAppURLMainController.m */; };
		DB29E5E51B8CA8D2006B35B3 /* SaveToAlbumMainController.m in Sources */ = {isa = PBXBuildFile; fileRef = DB29E5E41B8CA8D2006B35B3 /* SaveToAlbumMainController.m */; };
		DB29E5E91B8CA937006B35B3 /* BaseViewController.m in Sources */ = {isa = PBXBuildFile; fileRef = DB29E5E81B8CA937006B35B3 /* BaseViewController.m */; };
		DB29E5EC1B8CA94F006B35B3 /* BaseTableViewController.m in Sources */ = {isa = PBXBuildFile; fileRef = DB29E5EB1B8CA94F006B35B3 /* BaseTableViewController.m */; };
		DB29E5EE1B8CAA11006B35B3 /* SaveToAlbumMainController.xib in Resources */ = {isa = PBXBuildFile; fileRef = DB29E5ED1B8CAA11006B35B3 /* SaveToAlbumMainController.xib */; };
		DB6157DC1BA9C20800235864 /* UIImage+Icon.m in Sources */ = {isa = PBXBuildFile; fileRef = DB6157DB1BA9C20800235864 /* UIImage+Icon.m */; };
		DB6157DF1BA9C69800235864 /* JQBezierIconController.m in Sources */ = {isa = PBXBuildFile; fileRef = DB6157DE1BA9C69800235864 /* JQBezierIconController.m */; };
		DB9349881B7F938D0086A490 /* SlideBackMainController.m in Sources */ = {isa = PBXBuildFile; fileRef = DB9349871B7F938D0086A490 /* SlideBackMainController.m */; };
		DB9349911B7F94890086A490 /* A2ViewController.m in Sources */ = {isa = PBXBuildFile; fileRef = DB93498A1B7F94890086A490 /* A2ViewController.m */; };
		DB9349921B7F94890086A490 /* A3ViewController.m in Sources */ = {isa = PBXBuildFile; fileRef = DB93498C1B7F94890086A490 /* A3ViewController.m */; };
		DB9349931B7F94890086A490 /* AViewController.m in Sources */ = {isa = PBXBuildFile; fileRef = DB93498E1B7F94890086A490 /* AViewController.m */; };
		DB9349941B7F948A0086A490 /* BViewController.m in Sources */ = {isa = PBXBuildFile; fileRef = DB9349901B7F94890086A490 /* BViewController.m */; };
		DB93499A1B7F9D050086A490 /* SlideBackNavigationController.m in Sources */ = {isa = PBXBuildFile; fileRef = DB9349991B7F9D050086A490 /* SlideBackNavigationController.m */; };
		DBC712881B046AD700A690C5 /* JQTestViewController.m in Sources */ = {isa = PBXBuildFile; fileRef = DBC712861B046AD700A690C5 /* JQTestViewController.m */; };
		DBC712891B046AD700A690C5 /* JQTestViewController.xib in Resources */ = {isa = PBXBuildFile; fileRef = DBC712871B046AD700A690C5 /* JQTestViewController.xib */; };
		DBCED8C51B8827DB00C9885B /* DrawingBoardMainController.m in Sources */ = {isa = PBXBuildFile; fileRef = DBCED8C31B8827DB00C9885B /* DrawingBoardMainController.m */; };
		DBCED8C61B8827DB00C9885B /* DrawingBoardMainController.xib in Resources */ = {isa = PBXBuildFile; fileRef = DBCED8C41B8827DB00C9885B /* DrawingBoardMainController.xib */; };
		DBCED8C91B8877AC00C9885B /* PaintView.m in Sources */ = {isa = PBXBuildFile; fileRef = DBCED8C81B8877AC00C9885B /* PaintView.m */; };
		DBCED8CF1B8881A300C9885B /* PaintPath.m in Sources */ = {isa = PBXBuildFile; fileRef = DBCED8CE1B8881A300C9885B /* PaintPath.m */; };
		DBCED8D31B8889C800C9885B /* MBProgressHUD+Ext.m in Sources */ = {isa = PBXBuildFile; fileRef = DBCED8D21B8889C800C9885B /* MBProgressHUD+Ext.m */; };
		DBCED8D51B888B3900C9885B /* MBProgressHUD.bundle in Resources */ = {isa = PBXBuildFile; fileRef = DBCED8D41B888B3900C9885B /* MBProgressHUD.bundle */; };
		DBED16501B8CD70C00A25D50 /* RoundButton.m in Sources */ = {isa = PBXBuildFile; fileRef = DBED164F1B8CD70C00A25D50 /* RoundButton.m */; };
		DBED16531B8CD73100A25D50 /* RoundButtonMainController.m in Sources */ = {isa = PBXBuildFile; fileRef = DBED16521B8CD73100A25D50 /* RoundButtonMainController.m */; };
		DBF24DD31AF1CE1900B4DA8D /* Main.storyboard in Resources */ = {isa = PBXBuildFile; fileRef = DBF24DD11AF1CE1900B4DA8D /* Main.storyboard */; };
		DBF24DD81AF1CE1900B4DA8D /* LaunchScreen.xib in Resources */ = {isa = PBXBuildFile; fileRef = DBF24DD61AF1CE1900B4DA8D /* LaunchScreen.xib */; };
		DBF24DE41AF1CE1900B4DA8D /* JQDemoProgramTests.m in Sources */ = {isa = PBXBuildFile; fileRef = DBF24DE31AF1CE1900B4DA8D /* JQDemoProgramTests.m */; };
		DBF24DFA1AF1F09200B4DA8D /* AppDelegate.m in Sources */ = {isa = PBXBuildFile; fileRef = DBF24DF11AF1F09200B4DA8D /* AppDelegate.m */; };
		DBF24DFB1AF1F09200B4DA8D /* MainViewController.m in Sources */ = {isa = PBXBuildFile; fileRef = DBF24DF31AF1F09200B4DA8D /* MainViewController.m */; };
		DBF24DFC1AF1F09200B4DA8D /* demoList.plist in Resources */ = {isa = PBXBuildFile; fileRef = DBF24DF51AF1F09200B4DA8D /* demoList.plist */; };
		DBF24DFD1AF1F09200B4DA8D /* Images.xcassets in Resources */ = {isa = PBXBuildFile; fileRef = DBF24DF61AF1F09200B4DA8D /* Images.xcassets */; };
		DBF24E091AF1F1CB00B4DA8D /* main.m in Sources */ = {isa = PBXBuildFile; fileRef = DBF24E071AF1F1CB00B4DA8D /* main.m */; };
		E46150865C7632176CE92C6A /* libPods-JQDemoProgram.a in Frameworks */ = {isa = PBXBuildFile; fileRef = ACFB147A03659BA6103134FC /* libPods-JQDemoProgram.a */; };
/* End PBXBuildFile section */

/* Begin PBXContainerItemProxy section */
		DBF24DDE1AF1CE1900B4DA8D /* PBXContainerItemProxy */ = {
			isa = PBXContainerItemProxy;
			containerPortal = DBF24DBC1AF1CE1900B4DA8D /* Project object */;
			proxyType = 1;
			remoteGlobalIDString = DBF24DC31AF1CE1900B4DA8D;
			remoteInfo = JQDemoProgram;
		};
/* End PBXContainerItemProxy section */

/* Begin PBXFileReference section */
		45E12324B0F059D6572D1EBF /* Pods-JQDemoProgram.debug.xcconfig */ = {isa = PBXFileReference; includeInIndex = 1; lastKnownFileType = text.xcconfig; name = "Pods-JQDemoProgram.debug.xcconfig"; path = "Pods/Target Support Files/Pods-JQDemoProgram/Pods-JQDemoProgram.debug.xcconfig"; sourceTree = "<group>"; };
		90032D0A1BEF04E700F41ED3 /* UIImage+CustomImage.h */ = {isa = PBXFileReference; fileEncoding = 4; lastKnownFileType = sourcecode.c.h; name = "UIImage+CustomImage.h"; path = "Category/UIImage+CustomImage.h"; sourceTree = "<group>"; };
		90032D0B1BEF04E700F41ED3 /* UIImage+CustomImage.m */ = {isa = PBXFileReference; fileEncoding = 4; lastKnownFileType = sourcecode.c.objc; name = "UIImage+CustomImage.m"; path = "Category/UIImage+CustomImage.m"; sourceTree = "<group>"; };
		90032D0E1BEF130C00F41ED3 /* Demo.h */ = {isa = PBXFileReference; fileEncoding = 4; lastKnownFileType = sourcecode.c.h; name = Demo.h; path = Models/Demo.h; sourceTree = "<group>"; };
		90032D0F1BEF130C00F41ED3 /* Demo.m */ = {isa = PBXFileReference; fileEncoding = 4; lastKnownFileType = sourcecode.c.objc; name = Demo.m; path = Models/Demo.m; sourceTree = "<group>"; };
		900597691C7AD3C5001C31FA /* GalleryImagePickerController.h */ = {isa = PBXFileReference; fileEncoding = 4; lastKnownFileType = sourcecode.c.h; path = GalleryImagePickerController.h; sourceTree = "<group>"; };
		9005976A1C7AD3C5001C31FA /* GalleryImagePickerController.m */ = {isa = PBXFileReference; fileEncoding = 4; lastKnownFileType = sourcecode.c.objc; path = GalleryImagePickerController.m; sourceTree = "<group>"; };
		9005976B1C7AD3C5001C31FA /* GalleryImagePickerView.h */ = {isa = PBXFileReference; fileEncoding = 4; lastKnownFileType = sourcecode.c.h; path = GalleryImagePickerView.h; sourceTree = "<group>"; };
		9005976C1C7AD3C5001C31FA /* GalleryImagePickerView.m */ = {isa = PBXFileReference; fileEncoding = 4; lastKnownFileType = sourcecode.c.objc; path = GalleryImagePickerView.m; sourceTree = "<group>"; };
		903C7FBB1BAADA54004AA3C2 /* MeowButton.h */ = {isa = PBXFileReference; fileEncoding = 4; lastKnownFileType = sourcecode.c.h; path = MeowButton.h; sourceTree = "<group>"; };
		903C7FBC1BAADA54004AA3C2 /* MeowButton.m */ = {isa = PBXFileReference; fileEncoding = 4; lastKnownFileType = sourcecode.c.objc; path = MeowButton.m; sourceTree = "<group>"; };
		904745FE1C882336000DFE79 /* DocViewController.h */ = {isa = PBXFileReference; fileEncoding = 4; lastKnownFileType = sourcecode.c.h; name = DocViewController.h; path = Demos/HTML/DocViewController.h; sourceTree = "<group>"; };
		904745FF1C882336000DFE79 /* DocViewController.m */ = {isa = PBXFileReference; fileEncoding = 4; lastKnownFileType = sourcecode.c.objc; name = DocViewController.m; path = Demos/HTML/DocViewController.m; sourceTree = "<group>"; };
		904746101C8828EC000DFE79 /* filelist.xml */ = {isa = PBXFileReference; fileEncoding = 4; lastKnownFileType = text.xml; path = filelist.xml; sourceTree = "<group>"; };
		904746111C8828EC000DFE79 /* header.html */ = {isa = PBXFileReference; fileEncoding = 4; lastKnownFileType = text.html; path = header.html; sourceTree = "<group>"; };
		904746121C8828EC000DFE79 /* image001.jpg */ = {isa = PBXFileReference; lastKnownFileType = image.jpeg; path = image001.jpg; sourceTree = "<group>"; };
		904746131C8828EC000DFE79 /* themedata.thmx */ = {isa = PBXFileReference; lastKnownFileType = file; path = themedata.thmx; sourceTree = "<group>"; };
		904746141C8828EC000DFE79 /* xxx.html */ = {isa = PBXFileReference; fileEncoding = 4; lastKnownFileType = text.html; name = xxx.html; path = Demos/HTML/xxx.html; sourceTree = "<group>"; };
		9047461A1C882B3E000DFE79 /* 村口店合伙人.doc */ = {isa = PBXFileReference; lastKnownFileType = file; name = "村口店合伙人.doc"; path = "Demos/HTML/村口店合伙人.doc"; sourceTree = "<group>"; };
		9047461B1C882DF1000DFE79 /* SimpleFragment.glsl */ = {isa = PBXFileReference; fileEncoding = 4; lastKnownFileType = text; name = SimpleFragment.glsl; path = Demos/OpenGL/SimpleFragment.glsl; sourceTree = "<group>"; };
		9047461C1C882DF1000DFE79 /* SimpleVertex.glsl */ = {isa = PBXFileReference; fileEncoding = 4; lastKnownFileType = text; name = SimpleVertex.glsl; path = Demos/OpenGL/SimpleVertex.glsl; sourceTree = "<group>"; };
		9047461F1C882DFD000DFE79 /* item_powerup_fish.png */ = {isa = PBXFileReference; lastKnownFileType = image.png; name = item_powerup_fish.png; path = Demos/OpenGL/item_powerup_fish.png; sourceTree = "<group>"; };
		904746201C882DFD000DFE79 /* tile_floor.png */ = {isa = PBXFileReference; lastKnownFileType = image.png; name = tile_floor.png; path = Demos/OpenGL/tile_floor.png; sourceTree = "<group>"; };
		904746251C888B21000DFE79 /* CoreDataViewController.h */ = {isa = PBXFileReference; fileEncoding = 4; lastKnownFileType = sourcecode.c.h; name = CoreDataViewController.h; path = Demos/CoreData/CoreDataViewController.h; sourceTree = "<group>"; };
		904746261C888B21000DFE79 /* CoreDataViewController.m */ = {isa = PBXFileReference; fileEncoding = 4; lastKnownFileType = sourcecode.c.objc; name = CoreDataViewController.m; path = Demos/CoreData/CoreDataViewController.m; sourceTree = "<group>"; };
		904746291C8897CD000DFE79 /* Main.xcdatamodel */ = {isa = PBXFileReference; lastKnownFileType = wrapper.xcdatamodel; path = Main.xcdatamodel; sourceTree = "<group>"; };
		9047462B1C889824000DFE79 /* MeowButton.h */ = {isa = PBXFileReference; fileEncoding = 4; lastKnownFileType = sourcecode.c.h; name = MeowButton.h; path = Demos/RoundButton/MeowButton.h; sourceTree = "<group>"; };
		9047462C1C889824000DFE79 /* MeowButton.m */ = {isa = PBXFileReference; fileEncoding = 4; lastKnownFileType = sourcecode.c.objc; name = MeowButton.m; path = Demos/RoundButton/MeowButton.m; sourceTree = "<group>"; };
		904746541C892914000DFE79 /* NewItemViewController.h */ = {isa = PBXFileReference; fileEncoding = 4; lastKnownFileType = sourcecode.c.h; name = NewItemViewController.h; path = Demos/CoreData/NewItemViewController.h; sourceTree = "<group>"; };
		904746551C892914000DFE79 /* NewItemViewController.m */ = {isa = PBXFileReference; fileEncoding = 4; lastKnownFileType = sourcecode.c.objc; name = NewItemViewController.m; path = Demos/CoreData/NewItemViewController.m; sourceTree = "<group>"; };
		905933DF1BFC569E00F558C6 /* GradientTriangleController.h */ = {isa = PBXFileReference; fileEncoding = 4; lastKnownFileType = sourcecode.c.h; name = GradientTriangleController.h; path = Demos/Gradient/GradientTriangleController.h; sourceTree = "<group>"; };
		905933E01BFC569E00F558C6 /* GradientTriangleController.m */ = {isa = PBXFileReference; fileEncoding = 4; lastKnownFileType = sourcecode.c.objc; name = GradientTriangleController.m; path = Demos/Gradient/GradientTriangleController.m; sourceTree = "<group>"; };
		905933E21BFC5F5400F558C6 /* GradientTriangleView.h */ = {isa = PBXFileReference; fileEncoding = 4; lastKnownFileType = sourcecode.c.h; name = GradientTriangleView.h; path = Demos/Gradient/GradientTriangleView.h; sourceTree = "<group>"; };
		905933E31BFC5F5400F558C6 /* GradientTriangleView.m */ = {isa = PBXFileReference; fileEncoding = 4; lastKnownFileType = sourcecode.c.objc; name = GradientTriangleView.m; path = Demos/Gradient/GradientTriangleView.m; sourceTree = "<group>"; };
		905933E51BFC620A00F558C6 /* GradientLayer.h */ = {isa = PBXFileReference; fileEncoding = 4; lastKnownFileType = sourcecode.c.h; name = GradientLayer.h; path = Demos/Gradient/GradientLayer.h; sourceTree = "<group>"; };
		905933E61BFC620A00F558C6 /* GradientLayer.m */ = {isa = PBXFileReference; fileEncoding = 4; lastKnownFileType = sourcecode.c.objc; name = GradientLayer.m; path = Demos/Gradient/GradientLayer.m; sourceTree = "<group>"; };
		9097F11D1BEE61DA00C5533E /* MeowButtonViewController.h */ = {isa = PBXFileReference; fileEncoding = 4; lastKnownFileType = sourcecode.c.h; name = MeowButtonViewController.h; path = Controllers/MeowButtonViewController.h; sourceTree = "<group>"; };
		9097F11E1BEE61DA00C5533E /* MeowButtonViewController.m */ = {isa = PBXFileReference; fileEncoding = 4; lastKnownFileType = sourcecode.c.objc; name = MeowButtonViewController.m; path = Controllers/MeowButtonViewController.m; sourceTree = "<group>"; };
		90A8D2BC1C843CF400315B3F /* OpenGLController.h */ = {isa = PBXFileReference; fileEncoding = 4; lastKnownFileType = sourcecode.c.h; name = OpenGLController.h; path = Demos/OpenGL/OpenGLController.h; sourceTree = "<group>"; };
		90A8D2BD1C843CF400315B3F /* OpenGLController.m */ = {isa = PBXFileReference; fileEncoding = 4; lastKnownFileType = sourcecode.c.objc; name = OpenGLController.m; path = Demos/OpenGL/OpenGLController.m; sourceTree = "<group>"; };
		90A8D2BF1C84406900315B3F /* OpenGLView.h */ = {isa = PBXFileReference; fileEncoding = 4; lastKnownFileType = sourcecode.c.h; name = OpenGLView.h; path = Demos/OpenGL/OpenGLView.h; sourceTree = "<group>"; };
		90A8D2C01C84406900315B3F /* OpenGLView.m */ = {isa = PBXFileReference; fileEncoding = 4; lastKnownFileType = sourcecode.c.objc; name = OpenGLView.m; path = Demos/OpenGL/OpenGLView.m; sourceTree = "<group>"; };
		90A8D2C21C8440AD00315B3F /* OpenGLES.framework */ = {isa = PBXFileReference; lastKnownFileType = wrapper.framework; name = OpenGLES.framework; path = System/Library/Frameworks/OpenGLES.framework; sourceTree = SDKROOT; };
		90A8D2C41C8440B400315B3F /* QuartzCore.framework */ = {isa = PBXFileReference; lastKnownFileType = wrapper.framework; name = QuartzCore.framework; path = System/Library/Frameworks/QuartzCore.framework; sourceTree = SDKROOT; };
		90A8D2DA1C8546C900315B3F /* UIView+AutoLayout.h */ = {isa = PBXFileReference; fileEncoding = 4; lastKnownFileType = sourcecode.c.h; path = "UIView+AutoLayout.h"; sourceTree = "<group>"; };
		90A8D2DB1C8546C900315B3F /* UIView+AutoLayout.m */ = {isa = PBXFileReference; fileEncoding = 4; lastKnownFileType = sourcecode.c.objc; path = "UIView+AutoLayout.m"; sourceTree = "<group>"; };
		90A8D30F1C85596E00315B3F /* libc.tbd */ = {isa = PBXFileReference; lastKnownFileType = "sourcecode.text-based-dylib-definition"; name = libc.tbd; path = usr/lib/libc.tbd; sourceTree = SDKROOT; };
		90A8D3111C85597300315B3F /* libc++.tbd */ = {isa = PBXFileReference; lastKnownFileType = "sourcecode.text-based-dylib-definition"; name = "libc++.tbd"; path = "usr/lib/libc++.tbd"; sourceTree = SDKROOT; };
		90A8D3191C85695B00315B3F /* Foundation.framework */ = {isa = PBXFileReference; lastKnownFileType = wrapper.framework; name = Foundation.framework; path = System/Library/Frameworks/Foundation.framework; sourceTree = SDKROOT; };
		90A8D31B1C85696200315B3F /* UIKit.framework */ = {isa = PBXFileReference; lastKnownFileType = wrapper.framework; name = UIKit.framework; path = System/Library/Frameworks/UIKit.framework; sourceTree = SDKROOT; };
		90A8D31D1C85697900315B3F /* CoreGraphics.framework */ = {isa = PBXFileReference; lastKnownFileType = wrapper.framework; name = CoreGraphics.framework; path = System/Library/Frameworks/CoreGraphics.framework; sourceTree = SDKROOT; };
		90C3A0E21C85730100312C5C /* CC3Foundation.h */ = {isa = PBXFileReference; fileEncoding = 4; lastKnownFileType = sourcecode.c.h; path = CC3Foundation.h; sourceTree = "<group>"; };
		90C3A0E31C85730100312C5C /* CC3Foundation.m */ = {isa = PBXFileReference; fileEncoding = 4; lastKnownFileType = sourcecode.c.objc; path = CC3Foundation.m; sourceTree = "<group>"; };
		90C3A0E41C85730100312C5C /* CC3GLMatrix.h */ = {isa = PBXFileReference; fileEncoding = 4; lastKnownFileType = sourcecode.c.h; path = CC3GLMatrix.h; sourceTree = "<group>"; };
		90C3A0E51C85730100312C5C /* CC3GLMatrix.m */ = {isa = PBXFileReference; fileEncoding = 4; lastKnownFileType = sourcecode.c.objc; path = CC3GLMatrix.m; sourceTree = "<group>"; };
		90C3A0E61C85730100312C5C /* CC3Kazmath.mm */ = {isa = PBXFileReference; fileEncoding = 4; lastKnownFileType = sourcecode.cpp.objcpp; path = CC3Kazmath.mm; sourceTree = "<group>"; };
		90C3A0E71C85730100312C5C /* CC3Kazmath.h */ = {isa = PBXFileReference; fileEncoding = 4; lastKnownFileType = sourcecode.c.h; path = CC3Kazmath.h; sourceTree = "<group>"; };
		90C3A0E81C85730100312C5C /* CC3Logging.h */ = {isa = PBXFileReference; fileEncoding = 4; lastKnownFileType = sourcecode.c.h; path = CC3Logging.h; sourceTree = "<group>"; };
		90C3A0E91C85730200312C5C /* CC3Math.h */ = {isa = PBXFileReference; fileEncoding = 4; lastKnownFileType = sourcecode.c.h; path = CC3Math.h; sourceTree = "<group>"; };
		90C3A0EA1C85730200312C5C /* CC3Math.m */ = {isa = PBXFileReference; fileEncoding = 4; lastKnownFileType = sourcecode.c.objc; path = CC3Math.m; sourceTree = "<group>"; };
		90C3A0EB1C85730200312C5C /* ccTypes.h */ = {isa = PBXFileReference; fileEncoding = 4; lastKnownFileType = sourcecode.c.h; path = ccTypes.h; sourceTree = "<group>"; };
		90ED03301BF08E510020933E /* ContactViewController.h */ = {isa = PBXFileReference; fileEncoding = 4; lastKnownFileType = sourcecode.c.h; name = ContactViewController.h; path = Demos/Contact/ContactViewController.h; sourceTree = "<group>"; };
		90ED03311BF08E510020933E /* ContactViewController.m */ = {isa = PBXFileReference; fileEncoding = 4; lastKnownFileType = sourcecode.c.objc; name = ContactViewController.m; path = Demos/Contact/ContactViewController.m; sourceTree = "<group>"; };
		90ED033C1BF0995E0020933E /* ConstantColors.h */ = {isa = PBXFileReference; lastKnownFileType = sourcecode.c.h; name = ConstantColors.h; path = Constants/ConstantColors.h; sourceTree = "<group>"; };
		90ED033D1BF09BF80020933E /* ConstantDimens.h */ = {isa = PBXFileReference; lastKnownFileType = sourcecode.c.h; name = ConstantDimens.h; path = Constants/ConstantDimens.h; sourceTree = "<group>"; };
		90ED033E1BF0AB360020933E /* ConstantFonts.h */ = {isa = PBXFileReference; lastKnownFileType = sourcecode.c.h; name = ConstantFonts.h; path = Constants/ConstantFonts.h; sourceTree = "<group>"; };
		90FA3C4B1BEA0526003ABE02 /* TableViewTestController.h */ = {isa = PBXFileReference; fileEncoding = 4; lastKnownFileType = sourcecode.c.h; name = TableViewTestController.h; path = Demos/TableView/Test1/TableViewTestController.h; sourceTree = "<group>"; };
		90FA3C4C1BEA0526003ABE02 /* TableViewTestController.m */ = {isa = PBXFileReference; fileEncoding = 4; lastKnownFileType = sourcecode.c.objc; name = TableViewTestController.m; path = Demos/TableView/Test1/TableViewTestController.m; sourceTree = "<group>"; };
		90FA3C4E1BEA0623003ABE02 /* TableViewTest1Cell.h */ = {isa = PBXFileReference; fileEncoding = 4; lastKnownFileType = sourcecode.c.h; name = TableViewTest1Cell.h; path = Demos/TableView/Test1/TableViewTest1Cell.h; sourceTree = "<group>"; };
		90FA3C4F1BEA0623003ABE02 /* TableViewTest1Cell.m */ = {isa = PBXFileReference; fileEncoding = 4; lastKnownFileType = sourcecode.c.objc; name = TableViewTest1Cell.m; path = Demos/TableView/Test1/TableViewTest1Cell.m; sourceTree = "<group>"; };
		90FA3C501BEA0623003ABE02 /* TableViewTest1Cell.xib */ = {isa = PBXFileReference; fileEncoding = 4; lastKnownFileType = file.xib; name = TableViewTest1Cell.xib; path = Demos/TableView/Test1/TableViewTest1Cell.xib; sourceTree = "<group>"; };
		ACFB147A03659BA6103134FC /* libPods-JQDemoProgram.a */ = {isa = PBXFileReference; explicitFileType = archive.ar; includeInIndex = 0; path = "libPods-JQDemoProgram.a"; sourceTree = BUILT_PRODUCTS_DIR; };
		D8D8AAD375AEDABB21909F4A /* Pods-JQDemoProgram.release.xcconfig */ = {isa = PBXFileReference; includeInIndex = 1; lastKnownFileType = text.xcconfig; name = "Pods-JQDemoProgram.release.xcconfig"; path = "Pods/Target Support Files/Pods-JQDemoProgram/Pods-JQDemoProgram.release.xcconfig"; sourceTree = "<group>"; };
		DB223FE21B831D350028847D /* OpenAppURLMainController.h */ = {isa = PBXFileReference; fileEncoding = 4; lastKnownFileType = sourcecode.c.h; name = OpenAppURLMainController.h; path = Demos/OpenAppURL/OpenAppURLMainController.h; sourceTree = "<group>"; };
		DB223FE31B831D350028847D /* OpenAppURLMainController.m */ = {isa = PBXFileReference; fileEncoding = 4; lastKnownFileType = sourcecode.c.objc; name = OpenAppURLMainController.m; path = Demos/OpenAppURL/OpenAppURLMainController.m; sourceTree = "<group>"; };
		DB29E5E31B8CA8D2006B35B3 /* SaveToAlbumMainController.h */ = {isa = PBXFileReference; fileEncoding = 4; lastKnownFileType = sourcecode.c.h; name = SaveToAlbumMainController.h; path = Demos/SaveToAlbum/SaveToAlbumMainController.h; sourceTree = "<group>"; };
		DB29E5E41B8CA8D2006B35B3 /* SaveToAlbumMainController.m */ = {isa = PBXFileReference; fileEncoding = 4; lastKnownFileType = sourcecode.c.objc; name = SaveToAlbumMainController.m; path = Demos/SaveToAlbum/SaveToAlbumMainController.m; sourceTree = "<group>"; };
		DB29E5E71B8CA937006B35B3 /* BaseViewController.h */ = {isa = PBXFileReference; fileEncoding = 4; lastKnownFileType = sourcecode.c.h; name = BaseViewController.h; path = Common/BaseViewController.h; sourceTree = "<group>"; };
		DB29E5E81B8CA937006B35B3 /* BaseViewController.m */ = {isa = PBXFileReference; fileEncoding = 4; lastKnownFileType = sourcecode.c.objc; name = BaseViewController.m; path = Common/BaseViewController.m; sourceTree = "<group>"; };
		DB29E5EA1B8CA94F006B35B3 /* BaseTableViewController.h */ = {isa = PBXFileReference; fileEncoding = 4; lastKnownFileType = sourcecode.c.h; name = BaseTableViewController.h; path = Common/BaseTableViewController.h; sourceTree = "<group>"; };
		DB29E5EB1B8CA94F006B35B3 /* BaseTableViewController.m */ = {isa = PBXFileReference; fileEncoding = 4; lastKnownFileType = sourcecode.c.objc; name = BaseTableViewController.m; path = Common/BaseTableViewController.m; sourceTree = "<group>"; };
		DB29E5ED1B8CAA11006B35B3 /* SaveToAlbumMainController.xib */ = {isa = PBXFileReference; fileEncoding = 4; lastKnownFileType = file.xib; name = SaveToAlbumMainController.xib; path = Demos/SaveToAlbum/SaveToAlbumMainController.xib; sourceTree = "<group>"; };
		DB2DDABE1B023F8A008C03BE /* PrefixHeader.pch */ = {isa = PBXFileReference; lastKnownFileType = sourcecode.c.h; path = PrefixHeader.pch; sourceTree = "<group>"; };
		DB6157DA1BA9C20800235864 /* UIImage+Icon.h */ = {isa = PBXFileReference; fileEncoding = 4; lastKnownFileType = sourcecode.c.h; name = "UIImage+Icon.h"; path = "Category/UIImage+Icon.h"; sourceTree = "<group>"; };
		DB6157DB1BA9C20800235864 /* UIImage+Icon.m */ = {isa = PBXFileReference; fileEncoding = 4; lastKnownFileType = sourcecode.c.objc; name = "UIImage+Icon.m"; path = "Category/UIImage+Icon.m"; sourceTree = "<group>"; };
		DB6157DD1BA9C69800235864 /* JQBezierIconController.h */ = {isa = PBXFileReference; fileEncoding = 4; lastKnownFileType = sourcecode.c.h; name = JQBezierIconController.h; path = Demos/BezierIcon/JQBezierIconController.h; sourceTree = "<group>"; };
		DB6157DE1BA9C69800235864 /* JQBezierIconController.m */ = {isa = PBXFileReference; fileEncoding = 4; lastKnownFileType = sourcecode.c.objc; name = JQBezierIconController.m; path = Demos/BezierIcon/JQBezierIconController.m; sourceTree = "<group>"; };
		DB9349861B7F938D0086A490 /* SlideBackMainController.h */ = {isa = PBXFileReference; fileEncoding = 4; lastKnownFileType = sourcecode.c.h; name = SlideBackMainController.h; path = Demos/SlideBack/SlideBackMainController.h; sourceTree = "<group>"; };
		DB9349871B7F938D0086A490 /* SlideBackMainController.m */ = {isa = PBXFileReference; fileEncoding = 4; lastKnownFileType = sourcecode.c.objc; name = SlideBackMainController.m; path = Demos/SlideBack/SlideBackMainController.m; sourceTree = "<group>"; };
		DB9349891B7F94890086A490 /* A2ViewController.h */ = {isa = PBXFileReference; fileEncoding = 4; lastKnownFileType = sourcecode.c.h; name = A2ViewController.h; path = Demos/SlideBack/A2ViewController.h; sourceTree = "<group>"; };
		DB93498A1B7F94890086A490 /* A2ViewController.m */ = {isa = PBXFileReference; fileEncoding = 4; lastKnownFileType = sourcecode.c.objc; name = A2ViewController.m; path = Demos/SlideBack/A2ViewController.m; sourceTree = "<group>"; };
		DB93498B1B7F94890086A490 /* A3ViewController.h */ = {isa = PBXFileReference; fileEncoding = 4; lastKnownFileType = sourcecode.c.h; name = A3ViewController.h; path = Demos/SlideBack/A3ViewController.h; sourceTree = "<group>"; };
		DB93498C1B7F94890086A490 /* A3ViewController.m */ = {isa = PBXFileReference; fileEncoding = 4; lastKnownFileType = sourcecode.c.objc; name = A3ViewController.m; path = Demos/SlideBack/A3ViewController.m; sourceTree = "<group>"; };
		DB93498D1B7F94890086A490 /* AViewController.h */ = {isa = PBXFileReference; fileEncoding = 4; lastKnownFileType = sourcecode.c.h; name = AViewController.h; path = Demos/SlideBack/AViewController.h; sourceTree = "<group>"; };
		DB93498E1B7F94890086A490 /* AViewController.m */ = {isa = PBXFileReference; fileEncoding = 4; lastKnownFileType = sourcecode.c.objc; name = AViewController.m; path = Demos/SlideBack/AViewController.m; sourceTree = "<group>"; };
		DB93498F1B7F94890086A490 /* BViewController.h */ = {isa = PBXFileReference; fileEncoding = 4; lastKnownFileType = sourcecode.c.h; name = BViewController.h; path = Demos/SlideBack/BViewController.h; sourceTree = "<group>"; };
		DB9349901B7F94890086A490 /* BViewController.m */ = {isa = PBXFileReference; fileEncoding = 4; lastKnownFileType = sourcecode.c.objc; name = BViewController.m; path = Demos/SlideBack/BViewController.m; sourceTree = "<group>"; };
		DB9349981B7F9D050086A490 /* SlideBackNavigationController.h */ = {isa = PBXFileReference; fileEncoding = 4; lastKnownFileType = sourcecode.c.h; name = SlideBackNavigationController.h; path = Demos/SlideBack/SlideBackNavigationController.h; sourceTree = "<group>"; };
		DB9349991B7F9D050086A490 /* SlideBackNavigationController.m */ = {isa = PBXFileReference; fileEncoding = 4; lastKnownFileType = sourcecode.c.objc; name = SlideBackNavigationController.m; path = Demos/SlideBack/SlideBackNavigationController.m; sourceTree = "<group>"; };
		DBC712851B046AD700A690C5 /* JQTestViewController.h */ = {isa = PBXFileReference; fileEncoding = 4; lastKnownFileType = sourcecode.c.h; name = JQTestViewController.h; path = Test/JQTestViewController.h; sourceTree = "<group>"; };
		DBC712861B046AD700A690C5 /* JQTestViewController.m */ = {isa = PBXFileReference; fileEncoding = 4; lastKnownFileType = sourcecode.c.objc; name = JQTestViewController.m; path = Test/JQTestViewController.m; sourceTree = "<group>"; };
		DBC712871B046AD700A690C5 /* JQTestViewController.xib */ = {isa = PBXFileReference; fileEncoding = 4; lastKnownFileType = file.xib; name = JQTestViewController.xib; path = Test/JQTestViewController.xib; sourceTree = "<group>"; };
		DBCED8C21B8827DB00C9885B /* DrawingBoardMainController.h */ = {isa = PBXFileReference; fileEncoding = 4; lastKnownFileType = sourcecode.c.h; name = DrawingBoardMainController.h; path = Demos/DrawingBoard/DrawingBoardMainController.h; sourceTree = "<group>"; };
		DBCED8C31B8827DB00C9885B /* DrawingBoardMainController.m */ = {isa = PBXFileReference; fileEncoding = 4; lastKnownFileType = sourcecode.c.objc; name = DrawingBoardMainController.m; path = Demos/DrawingBoard/DrawingBoardMainController.m; sourceTree = "<group>"; };
		DBCED8C41B8827DB00C9885B /* DrawingBoardMainController.xib */ = {isa = PBXFileReference; fileEncoding = 4; lastKnownFileType = file.xib; name = DrawingBoardMainController.xib; path = Demos/DrawingBoard/DrawingBoardMainController.xib; sourceTree = "<group>"; };
		DBCED8C71B8877AC00C9885B /* PaintView.h */ = {isa = PBXFileReference; fileEncoding = 4; lastKnownFileType = sourcecode.c.h; name = PaintView.h; path = Demos/DrawingBoard/PaintView.h; sourceTree = "<group>"; };
		DBCED8C81B8877AC00C9885B /* PaintView.m */ = {isa = PBXFileReference; fileEncoding = 4; lastKnownFileType = sourcecode.c.objc; name = PaintView.m; path = Demos/DrawingBoard/PaintView.m; sourceTree = "<group>"; };
		DBCED8CD1B8881A300C9885B /* PaintPath.h */ = {isa = PBXFileReference; fileEncoding = 4; lastKnownFileType = sourcecode.c.h; name = PaintPath.h; path = Demos/DrawingBoard/PaintPath.h; sourceTree = "<group>"; };
		DBCED8CE1B8881A300C9885B /* PaintPath.m */ = {isa = PBXFileReference; fileEncoding = 4; lastKnownFileType = sourcecode.c.objc; name = PaintPath.m; path = Demos/DrawingBoard/PaintPath.m; sourceTree = "<group>"; };
		DBCED8D11B8889C800C9885B /* MBProgressHUD+Ext.h */ = {isa = PBXFileReference; fileEncoding = 4; lastKnownFileType = sourcecode.c.h; name = "MBProgressHUD+Ext.h"; path = "Category/MBProgressHUD+Ext.h"; sourceTree = "<group>"; };
		DBCED8D21B8889C800C9885B /* MBProgressHUD+Ext.m */ = {isa = PBXFileReference; fileEncoding = 4; lastKnownFileType = sourcecode.c.objc; name = "MBProgressHUD+Ext.m"; path = "Category/MBProgressHUD+Ext.m"; sourceTree = "<group>"; };
		DBCED8D41B888B3900C9885B /* MBProgressHUD.bundle */ = {isa = PBXFileReference; lastKnownFileType = "wrapper.plug-in"; name = MBProgressHUD.bundle; path = Category/MBProgressHUD.bundle; sourceTree = "<group>"; };
		DBED164E1B8CD70C00A25D50 /* RoundButton.h */ = {isa = PBXFileReference; fileEncoding = 4; lastKnownFileType = sourcecode.c.h; name = RoundButton.h; path = Demos/RoundButton/RoundButton.h; sourceTree = "<group>"; };
		DBED164F1B8CD70C00A25D50 /* RoundButton.m */ = {isa = PBXFileReference; fileEncoding = 4; lastKnownFileType = sourcecode.c.objc; name = RoundButton.m; path = Demos/RoundButton/RoundButton.m; sourceTree = "<group>"; };
		DBED16511B8CD73100A25D50 /* RoundButtonMainController.h */ = {isa = PBXFileReference; fileEncoding = 4; lastKnownFileType = sourcecode.c.h; name = RoundButtonMainController.h; path = Demos/RoundButton/RoundButtonMainController.h; sourceTree = "<group>"; };
		DBED16521B8CD73100A25D50 /* RoundButtonMainController.m */ = {isa = PBXFileReference; fileEncoding = 4; lastKnownFileType = sourcecode.c.objc; name = RoundButtonMainController.m; path = Demos/RoundButton/RoundButtonMainController.m; sourceTree = "<group>"; };
		DBF24DC41AF1CE1900B4DA8D /* JQDemoProgram.app */ = {isa = PBXFileReference; explicitFileType = wrapper.application; includeInIndex = 0; path = JQDemoProgram.app; sourceTree = BUILT_PRODUCTS_DIR; };
		DBF24DD21AF1CE1900B4DA8D /* Base */ = {isa = PBXFileReference; lastKnownFileType = file.storyboard; name = Base; path = Base.lproj/Main.storyboard; sourceTree = "<group>"; };
		DBF24DD71AF1CE1900B4DA8D /* Base */ = {isa = PBXFileReference; lastKnownFileType = file.xib; name = Base; path = Base.lproj/LaunchScreen.xib; sourceTree = "<group>"; };
		DBF24DDD1AF1CE1900B4DA8D /* JQDemoProgramTests.xctest */ = {isa = PBXFileReference; explicitFileType = wrapper.cfbundle; includeInIndex = 0; path = JQDemoProgramTests.xctest; sourceTree = BUILT_PRODUCTS_DIR; };
		DBF24DE21AF1CE1900B4DA8D /* Info.plist */ = {isa = PBXFileReference; lastKnownFileType = text.plist.xml; path = Info.plist; sourceTree = "<group>"; };
		DBF24DE31AF1CE1900B4DA8D /* JQDemoProgramTests.m */ = {isa = PBXFileReference; lastKnownFileType = sourcecode.c.objc; path = JQDemoProgramTests.m; sourceTree = "<group>"; };
		DBF24DF01AF1F09200B4DA8D /* AppDelegate.h */ = {isa = PBXFileReference; fileEncoding = 4; lastKnownFileType = sourcecode.c.h; path = AppDelegate.h; sourceTree = "<group>"; };
		DBF24DF11AF1F09200B4DA8D /* AppDelegate.m */ = {isa = PBXFileReference; fileEncoding = 4; lastKnownFileType = sourcecode.c.objc; path = AppDelegate.m; sourceTree = "<group>"; };
		DBF24DF21AF1F09200B4DA8D /* MainViewController.h */ = {isa = PBXFileReference; fileEncoding = 4; lastKnownFileType = sourcecode.c.h; path = MainViewController.h; sourceTree = "<group>"; };
		DBF24DF31AF1F09200B4DA8D /* MainViewController.m */ = {isa = PBXFileReference; fileEncoding = 4; lastKnownFileType = sourcecode.c.objc; path = MainViewController.m; sourceTree = "<group>"; };
		DBF24DF51AF1F09200B4DA8D /* demoList.plist */ = {isa = PBXFileReference; fileEncoding = 4; lastKnownFileType = text.plist.xml; name = demoList.plist; path = Resouce/demoList.plist; sourceTree = "<group>"; };
		DBF24DF61AF1F09200B4DA8D /* Images.xcassets */ = {isa = PBXFileReference; lastKnownFileType = folder.assetcatalog; path = Images.xcassets; sourceTree = "<group>"; };
		DBF24E061AF1F1CB00B4DA8D /* Info.plist */ = {isa = PBXFileReference; fileEncoding = 4; lastKnownFileType = text.plist.xml; path = Info.plist; sourceTree = "<group>"; };
		DBF24E071AF1F1CB00B4DA8D /* main.m */ = {isa = PBXFileReference; fileEncoding = 4; lastKnownFileType = sourcecode.c.objc; path = main.m; sourceTree = "<group>"; };
/* End PBXFileReference section */

/* Begin PBXFrameworksBuildPhase section */
		DBF24DC11AF1CE1900B4DA8D /* Frameworks */ = {
			isa = PBXFrameworksBuildPhase;
			buildActionMask = 2147483647;
			files = (
				90C3A0F01C8590F900312C5C /* CoreGraphics.framework in Frameworks */,
				90A8D2C51C8440B400315B3F /* QuartzCore.framework in Frameworks */,
				90A8D2C31C8440AD00315B3F /* OpenGLES.framework in Frameworks */,
				E46150865C7632176CE92C6A /* libPods-JQDemoProgram.a in Frameworks */,
			);
			runOnlyForDeploymentPostprocessing = 0;
		};
		DBF24DDA1AF1CE1900B4DA8D /* Frameworks */ = {
			isa = PBXFrameworksBuildPhase;
			buildActionMask = 2147483647;
			files = (
			);
			runOnlyForDeploymentPostprocessing = 0;
		};
/* End PBXFrameworksBuildPhase section */

/* Begin PBXGroup section */
		90032D0D1BEF12DE00F41ED3 /* Models */ = {
			isa = PBXGroup;
			children = (
				90032D0E1BEF130C00F41ED3 /* Demo.h */,
				90032D0F1BEF130C00F41ED3 /* Demo.m */,
			);
			name = Models;
			sourceTree = "<group>";
		};
		900597681C7AD3C5001C31FA /* GalleryImagePicker */ = {
			isa = PBXGroup;
			children = (
				900597691C7AD3C5001C31FA /* GalleryImagePickerController.h */,
				9005976A1C7AD3C5001C31FA /* GalleryImagePickerController.m */,
				9005976B1C7AD3C5001C31FA /* GalleryImagePickerView.h */,
				9005976C1C7AD3C5001C31FA /* GalleryImagePickerView.m */,
			);
			name = GalleryImagePicker;
			path = Demos/GalleryImagePicker;
			sourceTree = "<group>";
		};
		904746011C88233C000DFE79 /* HTML */ = {
			isa = PBXGroup;
			children = (
				9047461A1C882B3E000DFE79 /* 村口店合伙人.doc */,
				904745FE1C882336000DFE79 /* DocViewController.h */,
				904745FF1C882336000DFE79 /* DocViewController.m */,
				9047460F1C8828EC000DFE79 /* xxx.fld */,
				904746141C8828EC000DFE79 /* xxx.html */,
			);
			name = HTML;
			sourceTree = "<group>";
		};
		9047460F1C8828EC000DFE79 /* xxx.fld */ = {
			isa = PBXGroup;
			children = (
				904746101C8828EC000DFE79 /* filelist.xml */,
				904746111C8828EC000DFE79 /* header.html */,
				904746121C8828EC000DFE79 /* image001.jpg */,
				904746131C8828EC000DFE79 /* themedata.thmx */,
			);
			name = xxx.fld;
			path = Demos/HTML/xxx.fld;
			sourceTree = "<group>";
		};
		904746241C888AE0000DFE79 /* CoreData */ = {
			isa = PBXGroup;
			children = (
				904746251C888B21000DFE79 /* CoreDataViewController.h */,
				904746261C888B21000DFE79 /* CoreDataViewController.m */,
				904746281C8897CD000DFE79 /* Main.xcdatamodeld */,
				904746541C892914000DFE79 /* NewItemViewController.h */,
				904746551C892914000DFE79 /* NewItemViewController.m */,
			);
			name = CoreData;
			sourceTree = "<group>";
		};
		905933DE1BFC566100F558C6 /* Gradient */ = {
			isa = PBXGroup;
			children = (
				905933DF1BFC569E00F558C6 /* GradientTriangleController.h */,
				905933E01BFC569E00F558C6 /* GradientTriangleController.m */,
				905933E21BFC5F5400F558C6 /* GradientTriangleView.h */,
				905933E31BFC5F5400F558C6 /* GradientTriangleView.m */,
				905933E51BFC620A00F558C6 /* GradientLayer.h */,
				905933E61BFC620A00F558C6 /* GradientLayer.m */,
			);
			name = Gradient;
			sourceTree = "<group>";
		};
		908017DC1C85AF1B00CE5E29 /* Assets */ = {
			isa = PBXGroup;
			children = (
				9047461F1C882DFD000DFE79 /* item_powerup_fish.png */,
				904746201C882DFD000DFE79 /* tile_floor.png */,
			);
			name = Assets;
			sourceTree = "<group>";
		};
		9097F11B1BEE61AD00C5533E /* MeowButton */ = {
			isa = PBXGroup;
			children = (
				9097F11D1BEE61DA00C5533E /* MeowButtonViewController.h */,
				9097F11E1BEE61DA00C5533E /* MeowButtonViewController.m */,
			);
			name = MeowButton;
			sourceTree = "<group>";
		};
		90A8D2BB1C843CD500315B3F /* OpenGL */ = {
			isa = PBXGroup;
			children = (
				908017DC1C85AF1B00CE5E29 /* Assets */,
				90A8D2BC1C843CF400315B3F /* OpenGLController.h */,
				90A8D2BD1C843CF400315B3F /* OpenGLController.m */,
				90A8D2BF1C84406900315B3F /* OpenGLView.h */,
				90A8D2C01C84406900315B3F /* OpenGLView.m */,
				9047461B1C882DF1000DFE79 /* SimpleFragment.glsl */,
				9047461C1C882DF1000DFE79 /* SimpleVertex.glsl */,
			);
			name = OpenGL;
			sourceTree = "<group>";
		};
		90A8D2D91C8546C900315B3F /* AutoLayout */ = {
			isa = PBXGroup;
			children = (
				90A8D2DA1C8546C900315B3F /* UIView+AutoLayout.h */,
				90A8D2DB1C8546C900315B3F /* UIView+AutoLayout.m */,
			);
			name = AutoLayout;
			path = Libs/AutoLayout;
			sourceTree = SOURCE_ROOT;
		};
		90A8D2EC1C854C4800315B3F /* Cocos3DMathLib */ = {
			isa = PBXGroup;
			children = (
				90C3A0E21C85730100312C5C /* CC3Foundation.h */,
				90C3A0E31C85730100312C5C /* CC3Foundation.m */,
				90C3A0E41C85730100312C5C /* CC3GLMatrix.h */,
				90C3A0E51C85730100312C5C /* CC3GLMatrix.m */,
				90C3A0E61C85730100312C5C /* CC3Kazmath.mm */,
				90C3A0E71C85730100312C5C /* CC3Kazmath.h */,
				90C3A0E81C85730100312C5C /* CC3Logging.h */,
				90C3A0E91C85730200312C5C /* CC3Math.h */,
				90C3A0EA1C85730200312C5C /* CC3Math.m */,
				90C3A0EB1C85730200312C5C /* ccTypes.h */,
			);
			name = Cocos3DMathLib;
			path = Libs/Cocos3DMathLib;
			sourceTree = SOURCE_ROOT;
		};
		90ED03331BF08E5B0020933E /* Contact */ = {
			isa = PBXGroup;
			children = (
				90ED03301BF08E510020933E /* ContactViewController.h */,
				90ED03311BF08E510020933E /* ContactViewController.m */,
			);
			name = Contact;
			sourceTree = "<group>";
		};
		90ED033B1BF098A40020933E /* Constants */ = {
			isa = PBXGroup;
			children = (
				90ED033C1BF0995E0020933E /* ConstantColors.h */,
				90ED033D1BF09BF80020933E /* ConstantDimens.h */,
				90ED033E1BF0AB360020933E /* ConstantFonts.h */,
			);
			name = Constants;
			sourceTree = "<group>";
		};
		90FA3C491BEA04B1003ABE02 /* TableView */ = {
			isa = PBXGroup;
			children = (
				90FA3C4A1BEA04BD003ABE02 /* Test1 */,
			);
			name = TableView;
			sourceTree = "<group>";
		};
		90FA3C4A1BEA04BD003ABE02 /* Test1 */ = {
			isa = PBXGroup;
			children = (
				90FA3C4B1BEA0526003ABE02 /* TableViewTestController.h */,
				90FA3C4C1BEA0526003ABE02 /* TableViewTestController.m */,
				90FA3C4E1BEA0623003ABE02 /* TableViewTest1Cell.h */,
				90FA3C4F1BEA0623003ABE02 /* TableViewTest1Cell.m */,
				90FA3C501BEA0623003ABE02 /* TableViewTest1Cell.xib */,
			);
			name = Test1;
			sourceTree = "<group>";
		};
		DB223FE11B831B400028847D /* OpenAppURL */ = {
			isa = PBXGroup;
			children = (
				DB223FE21B831D350028847D /* OpenAppURLMainController.h */,
				DB223FE31B831D350028847D /* OpenAppURLMainController.m */,
			);
			name = OpenAppURL;
			sourceTree = "<group>";
		};
		DB29E5E61B8CA8F1006B35B3 /* Common */ = {
			isa = PBXGroup;
			children = (
				DB29E5E71B8CA937006B35B3 /* BaseViewController.h */,
				DB29E5E81B8CA937006B35B3 /* BaseViewController.m */,
				DB29E5EA1B8CA94F006B35B3 /* BaseTableViewController.h */,
				DB29E5EB1B8CA94F006B35B3 /* BaseTableViewController.m */,
			);
			name = Common;
			sourceTree = "<group>";
		};
		DB9349841B7F93180086A490 /* Demos */ = {
			isa = PBXGroup;
			children = (
				904746241C888AE0000DFE79 /* CoreData */,
				90A8D2BB1C843CD500315B3F /* OpenGL */,
				DBF24DF51AF1F09200B4DA8D /* demoList.plist */,
				900597681C7AD3C5001C31FA /* GalleryImagePicker */,
				905933DE1BFC566100F558C6 /* Gradient */,
				90FA3C491BEA04B1003ABE02 /* TableView */,
				DBED164C1B8CD4AF00A25D50 /* RoundButton */,
				DB99517B1B87577900703ACF /* DrawingBoard */,
				DB99517A1B8756C900703ACF /* SaveToAlbum */,
				DB223FE11B831B400028847D /* OpenAppURL */,
				DB9349851B7F93260086A490 /* SlideBack */,
				DB6157DD1BA9C69800235864 /* JQBezierIconController.h */,
				DB6157DE1BA9C69800235864 /* JQBezierIconController.m */,
				90ED03331BF08E5B0020933E /* Contact */,
				904746011C88233C000DFE79 /* HTML */,
			);
			name = Demos;
			sourceTree = "<group>";
		};
		DB9349851B7F93260086A490 /* SlideBack */ = {
			isa = PBXGroup;
			children = (
				DB9349861B7F938D0086A490 /* SlideBackMainController.h */,
				DB9349871B7F938D0086A490 /* SlideBackMainController.m */,
				DB9349891B7F94890086A490 /* A2ViewController.h */,
				DB93498A1B7F94890086A490 /* A2ViewController.m */,
				DB93498B1B7F94890086A490 /* A3ViewController.h */,
				DB93498C1B7F94890086A490 /* A3ViewController.m */,
				DB93498D1B7F94890086A490 /* AViewController.h */,
				DB93498E1B7F94890086A490 /* AViewController.m */,
				DB93498F1B7F94890086A490 /* BViewController.h */,
				DB9349901B7F94890086A490 /* BViewController.m */,
				DB9349981B7F9D050086A490 /* SlideBackNavigationController.h */,
				DB9349991B7F9D050086A490 /* SlideBackNavigationController.m */,
			);
			name = SlideBack;
			sourceTree = "<group>";
		};
		DB99517A1B8756C900703ACF /* SaveToAlbum */ = {
			isa = PBXGroup;
			children = (
				DB29E5E31B8CA8D2006B35B3 /* SaveToAlbumMainController.h */,
				DB29E5E41B8CA8D2006B35B3 /* SaveToAlbumMainController.m */,
				DB29E5ED1B8CAA11006B35B3 /* SaveToAlbumMainController.xib */,
			);
			name = SaveToAlbum;
			sourceTree = "<group>";
		};
		DB99517B1B87577900703ACF /* DrawingBoard */ = {
			isa = PBXGroup;
			children = (
				DBCED8C21B8827DB00C9885B /* DrawingBoardMainController.h */,
				DBCED8C31B8827DB00C9885B /* DrawingBoardMainController.m */,
				DBCED8C41B8827DB00C9885B /* DrawingBoardMainController.xib */,
				DBCED8C71B8877AC00C9885B /* PaintView.h */,
				DBCED8C81B8877AC00C9885B /* PaintView.m */,
				DBCED8CD1B8881A300C9885B /* PaintPath.h */,
				DBCED8CE1B8881A300C9885B /* PaintPath.m */,
			);
			name = DrawingBoard;
			sourceTree = "<group>";
		};
		DBC712841B046AA800A690C5 /* Test */ = {
			isa = PBXGroup;
			children = (
				903C7FBB1BAADA54004AA3C2 /* MeowButton.h */,
				903C7FBC1BAADA54004AA3C2 /* MeowButton.m */,
				DBC712851B046AD700A690C5 /* JQTestViewController.h */,
				DBC712861B046AD700A690C5 /* JQTestViewController.m */,
				DBC712871B046AD700A690C5 /* JQTestViewController.xib */,
			);
			name = Test;
			sourceTree = "<group>";
		};
		DBC7128A1B046C6000A690C5 /* Libs */ = {
			isa = PBXGroup;
			children = (
				90A8D2EC1C854C4800315B3F /* Cocos3DMathLib */,
				90A8D2D91C8546C900315B3F /* AutoLayout */,
			);
			path = Libs;
			sourceTree = "<group>";
		};
		DBCED8D01B88890E00C9885B /* Category */ = {
			isa = PBXGroup;
			children = (
				DBCED8D11B8889C800C9885B /* MBProgressHUD+Ext.h */,
				DBCED8D21B8889C800C9885B /* MBProgressHUD+Ext.m */,
				DBCED8D41B888B3900C9885B /* MBProgressHUD.bundle */,
				DB6157DA1BA9C20800235864 /* UIImage+Icon.h */,
				DB6157DB1BA9C20800235864 /* UIImage+Icon.m */,
				90032D0A1BEF04E700F41ED3 /* UIImage+CustomImage.h */,
				90032D0B1BEF04E700F41ED3 /* UIImage+CustomImage.m */,
			);
			name = Category;
			sourceTree = "<group>";
		};
		DBED164C1B8CD4AF00A25D50 /* RoundButton */ = {
			isa = PBXGroup;
			children = (
				9097F11B1BEE61AD00C5533E /* MeowButton */,
				DBED164E1B8CD70C00A25D50 /* RoundButton.h */,
				DBED164F1B8CD70C00A25D50 /* RoundButton.m */,
				DBED16511B8CD73100A25D50 /* RoundButtonMainController.h */,
				DBED16521B8CD73100A25D50 /* RoundButtonMainController.m */,
			);
			name = RoundButton;
			sourceTree = "<group>";
		};
		DBF24DBB1AF1CE1900B4DA8D = {
			isa = PBXGroup;
			children = (
				DBF24DC61AF1CE1900B4DA8D /* JQDemoProgram */,
				DBF24DE01AF1CE1900B4DA8D /* JQDemoProgramTests */,
				DBF24DC51AF1CE1900B4DA8D /* Products */,
				F5F714F287561A1689E2E70D /* Frameworks */,
				EA3F51FEF2538DE6D9102182 /* Pods */,
			);
			sourceTree = "<group>";
		};
		DBF24DC51AF1CE1900B4DA8D /* Products */ = {
			isa = PBXGroup;
			children = (
				DBF24DC41AF1CE1900B4DA8D /* JQDemoProgram.app */,
				DBF24DDD1AF1CE1900B4DA8D /* JQDemoProgramTests.xctest */,
			);
			name = Products;
			sourceTree = "<group>";
		};
		DBF24DC61AF1CE1900B4DA8D /* JQDemoProgram */ = {
			isa = PBXGroup;
			children = (
				DB9349841B7F93180086A490 /* Demos */,
				DBF24DEF1AF1F09200B4DA8D /* Main */,
				DBC712841B046AA800A690C5 /* Test */,
				DBCED8D01B88890E00C9885B /* Category */,
				DBC7128A1B046C6000A690C5 /* Libs */,
				90ED033B1BF098A40020933E /* Constants */,
				DBF24DF41AF1F09200B4DA8D /* Resouce */,
				DBF24E0A1AF1F20E00B4DA8D /* Support */,
			);
			path = JQDemoProgram;
			sourceTree = "<group>";
		};
		DBF24DE01AF1CE1900B4DA8D /* JQDemoProgramTests */ = {
			isa = PBXGroup;
			children = (
				DBF24DE31AF1CE1900B4DA8D /* JQDemoProgramTests.m */,
				DBF24DE11AF1CE1900B4DA8D /* Supporting Files */,
			);
			path = JQDemoProgramTests;
			sourceTree = "<group>";
		};
		DBF24DE11AF1CE1900B4DA8D /* Supporting Files */ = {
			isa = PBXGroup;
			children = (
				DBF24DE21AF1CE1900B4DA8D /* Info.plist */,
			);
			name = "Supporting Files";
			sourceTree = "<group>";
		};
		DBF24DEF1AF1F09200B4DA8D /* Main */ = {
			isa = PBXGroup;
			children = (
				90032D0D1BEF12DE00F41ED3 /* Models */,
				DB29E5E61B8CA8F1006B35B3 /* Common */,
				DBF24DF01AF1F09200B4DA8D /* AppDelegate.h */,
				DBF24DF11AF1F09200B4DA8D /* AppDelegate.m */,
				DBF24DF21AF1F09200B4DA8D /* MainViewController.h */,
				DBF24DF31AF1F09200B4DA8D /* MainViewController.m */,
				DBF24DD11AF1CE1900B4DA8D /* Main.storyboard */,
				DB2DDABE1B023F8A008C03BE /* PrefixHeader.pch */,
			);
			path = Main;
			sourceTree = "<group>";
		};
		DBF24DF41AF1F09200B4DA8D /* Resouce */ = {
			isa = PBXGroup;
			children = (
				DBF24DF61AF1F09200B4DA8D /* Images.xcassets */,
				DBF24DD61AF1CE1900B4DA8D /* LaunchScreen.xib */,
			);
			path = Resouce;
			sourceTree = "<group>";
		};
		DBF24E0A1AF1F20E00B4DA8D /* Support */ = {
			isa = PBXGroup;
			children = (
				DBF24E061AF1F1CB00B4DA8D /* Info.plist */,
				DBF24E071AF1F1CB00B4DA8D /* main.m */,
			);
			name = Support;
			sourceTree = "<group>";
		};
		EA3F51FEF2538DE6D9102182 /* Pods */ = {
			isa = PBXGroup;
			children = (
				45E12324B0F059D6572D1EBF /* Pods-JQDemoProgram.debug.xcconfig */,
				D8D8AAD375AEDABB21909F4A /* Pods-JQDemoProgram.release.xcconfig */,
			);
			name = Pods;
			sourceTree = "<group>";
		};
		F5F714F287561A1689E2E70D /* Frameworks */ = {
			isa = PBXGroup;
			children = (
				90A8D31D1C85697900315B3F /* CoreGraphics.framework */,
				90A8D31B1C85696200315B3F /* UIKit.framework */,
				90A8D3191C85695B00315B3F /* Foundation.framework */,
				90A8D3111C85597300315B3F /* libc++.tbd */,
				90A8D30F1C85596E00315B3F /* libc.tbd */,
				90A8D2C41C8440B400315B3F /* QuartzCore.framework */,
				90A8D2C21C8440AD00315B3F /* OpenGLES.framework */,
				ACFB147A03659BA6103134FC /* libPods-JQDemoProgram.a */,
			);
			name = Frameworks;
			sourceTree = "<group>";
		};
/* End PBXGroup section */

/* Begin PBXNativeTarget section */
		DBF24DC31AF1CE1900B4DA8D /* JQDemoProgram */ = {
			isa = PBXNativeTarget;
			buildConfigurationList = DBF24DE71AF1CE1900B4DA8D /* Build configuration list for PBXNativeTarget "JQDemoProgram" */;
			buildPhases = (
				40C2AA08ECDA29F51A1E46E5 /* 📦 Check Pods Manifest.lock */,
				DBF24DC01AF1CE1900B4DA8D /* Sources */,
				DBF24DC11AF1CE1900B4DA8D /* Frameworks */,
				DBF24DC21AF1CE1900B4DA8D /* Resources */,
				7CB0D9CDE87C7FA509C230FF /* 📦 Embed Pods Frameworks */,
				DF9B6D3E70CB0810A5B93C47 /* 📦 Copy Pods Resources */,
			);
			buildRules = (
			);
			dependencies = (
			);
			name = JQDemoProgram;
			productName = JQDemoProgram;
			productReference = DBF24DC41AF1CE1900B4DA8D /* JQDemoProgram.app */;
			productType = "com.apple.product-type.application";
		};
		DBF24DDC1AF1CE1900B4DA8D /* JQDemoProgramTests */ = {
			isa = PBXNativeTarget;
			buildConfigurationList = DBF24DEA1AF1CE1900B4DA8D /* Build configuration list for PBXNativeTarget "JQDemoProgramTests" */;
			buildPhases = (
				DBF24DD91AF1CE1900B4DA8D /* Sources */,
				DBF24DDA1AF1CE1900B4DA8D /* Frameworks */,
				DBF24DDB1AF1CE1900B4DA8D /* Resources */,
			);
			buildRules = (
			);
			dependencies = (
				DBF24DDF1AF1CE1900B4DA8D /* PBXTargetDependency */,
			);
			name = JQDemoProgramTests;
			productName = JQDemoProgramTests;
			productReference = DBF24DDD1AF1CE1900B4DA8D /* JQDemoProgramTests.xctest */;
			productType = "com.apple.product-type.bundle.unit-test";
		};
/* End PBXNativeTarget section */

/* Begin PBXProject section */
		DBF24DBC1AF1CE1900B4DA8D /* Project object */ = {
			isa = PBXProject;
			attributes = {
				CLASSPREFIX = JQ;
				LastUpgradeCheck = 0630;
				ORGANIZATIONNAME = JQTech;
				TargetAttributes = {
					DBF24DC31AF1CE1900B4DA8D = {
						CreatedOnToolsVersion = 6.3.1;
					};
					DBF24DDC1AF1CE1900B4DA8D = {
						CreatedOnToolsVersion = 6.3.1;
						TestTargetID = DBF24DC31AF1CE1900B4DA8D;
					};
				};
			};
			buildConfigurationList = DBF24DBF1AF1CE1900B4DA8D /* Build configuration list for PBXProject "JQDemoProgram" */;
			compatibilityVersion = "Xcode 3.2";
			developmentRegion = English;
			hasScannedForEncodings = 0;
			knownRegions = (
				en,
				Base,
				"zh-Hans",
			);
			mainGroup = DBF24DBB1AF1CE1900B4DA8D;
			productRefGroup = DBF24DC51AF1CE1900B4DA8D /* Products */;
			projectDirPath = "";
			projectRoot = "";
			targets = (
				DBF24DC31AF1CE1900B4DA8D /* JQDemoProgram */,
				DBF24DDC1AF1CE1900B4DA8D /* JQDemoProgramTests */,
			);
		};
/* End PBXProject section */

/* Begin PBXResourcesBuildPhase section */
		DBF24DC21AF1CE1900B4DA8D /* Resources */ = {
			isa = PBXResourcesBuildPhase;
			buildActionMask = 2147483647;
			files = (
				904746151C8828EC000DFE79 /* filelist.xml in Resources */,
				904746171C8828EC000DFE79 /* image001.jpg in Resources */,
				904746181C8828EC000DFE79 /* themedata.thmx in Resources */,
				9047461D1C882DF1000DFE79 /* SimpleFragment.glsl in Resources */,
				DBF24DD31AF1CE1900B4DA8D /* Main.storyboard in Resources */,
				904746211C882DFD000DFE79 /* item_powerup_fish.png in Resources */,
				DBCED8D51B888B3900C9885B /* MBProgressHUD.bundle in Resources */,
				9047461E1C882DF1000DFE79 /* SimpleVertex.glsl in Resources */,
				DBC712891B046AD700A690C5 /* JQTestViewController.xib in Resources */,
				904746161C8828EC000DFE79 /* header.html in Resources */,
				DBF24DFD1AF1F09200B4DA8D /* Images.xcassets in Resources */,
				DB29E5EE1B8CAA11006B35B3 /* SaveToAlbumMainController.xib in Resources */,
				DBF24DD81AF1CE1900B4DA8D /* LaunchScreen.xib in Resources */,
				904746221C882DFD000DFE79 /* tile_floor.png in Resources */,
				90A8D3051C85522E00315B3F /* Info.plist in Resources */,
				DBF24DFC1AF1F09200B4DA8D /* demoList.plist in Resources */,
				904746191C8828EC000DFE79 /* xxx.html in Resources */,
				DBCED8C61B8827DB00C9885B /* DrawingBoardMainController.xib in Resources */,
				90FA3C521BEA0623003ABE02 /* TableViewTest1Cell.xib in Resources */,
			);
			runOnlyForDeploymentPostprocessing = 0;
		};
		DBF24DDB1AF1CE1900B4DA8D /* Resources */ = {
			isa = PBXResourcesBuildPhase;
			buildActionMask = 2147483647;
			files = (
			);
			runOnlyForDeploymentPostprocessing = 0;
		};
/* End PBXResourcesBuildPhase section */

/* Begin PBXShellScriptBuildPhase section */
		40C2AA08ECDA29F51A1E46E5 /* 📦 Check Pods Manifest.lock */ = {
			isa = PBXShellScriptBuildPhase;
			buildActionMask = 2147483647;
			files = (
			);
			inputPaths = (
			);
			name = "📦 Check Pods Manifest.lock";
			outputPaths = (
			);
			runOnlyForDeploymentPostprocessing = 0;
			shellPath = /bin/sh;
			shellScript = "diff \"${PODS_ROOT}/../Podfile.lock\" \"${PODS_ROOT}/Manifest.lock\" > /dev/null\nif [[ $? != 0 ]] ; then\n    cat << EOM\nerror: The sandbox is not in sync with the Podfile.lock. Run 'pod install' or update your CocoaPods installation.\nEOM\n    exit 1\nfi\n";
			showEnvVarsInLog = 0;
		};
		7CB0D9CDE87C7FA509C230FF /* 📦 Embed Pods Frameworks */ = {
			isa = PBXShellScriptBuildPhase;
			buildActionMask = 2147483647;
			files = (
			);
			inputPaths = (
			);
			name = "📦 Embed Pods Frameworks";
			outputPaths = (
			);
			runOnlyForDeploymentPostprocessing = 0;
			shellPath = /bin/sh;
			shellScript = "\"${SRCROOT}/Pods/Target Support Files/Pods-JQDemoProgram/Pods-JQDemoProgram-frameworks.sh\"\n";
			showEnvVarsInLog = 0;
		};
		DF9B6D3E70CB0810A5B93C47 /* 📦 Copy Pods Resources */ = {
			isa = PBXShellScriptBuildPhase;
			buildActionMask = 2147483647;
			files = (
			);
			inputPaths = (
			);
			name = "📦 Copy Pods Resources";
			outputPaths = (
			);
			runOnlyForDeploymentPostprocessing = 0;
			shellPath = /bin/sh;
			shellScript = "\"${SRCROOT}/Pods/Target Support Files/Pods-JQDemoProgram/Pods-JQDemoProgram-resources.sh\"\n";
			showEnvVarsInLog = 0;
		};
/* End PBXShellScriptBuildPhase section */

/* Begin PBXSourcesBuildPhase section */
		DBF24DC01AF1CE1900B4DA8D /* Sources */ = {
			isa = PBXSourcesBuildPhase;
			buildActionMask = 2147483647;
			files = (
				90C3A0EE1C85730200312C5C /* CC3Kazmath.mm in Sources */,
				90A8D2BE1C843CF400315B3F /* OpenGLController.m in Sources */,
				90032D101BEF130C00F41ED3 /* Demo.m in Sources */,
				9097F11F1BEE61DA00C5533E /* MeowButtonViewController.m in Sources */,
				DBCED8C91B8877AC00C9885B /* PaintView.m in Sources */,
				DBCED8C51B8827DB00C9885B /* DrawingBoardMainController.m in Sources */,
				904746561C892914000DFE79 /* NewItemViewController.m in Sources */,
				90A8D2E71C8546C900315B3F /* UIView+AutoLayout.m in Sources */,
				905933E11BFC569E00F558C6 /* GradientTriangleController.m in Sources */,
				DB29E5E51B8CA8D2006B35B3 /* SaveToAlbumMainController.m in Sources */,
				905933E41BFC5F5400F558C6 /* GradientTriangleView.m in Sources */,
				905933E71BFC620A00F558C6 /* GradientLayer.m in Sources */,
				DBF24DFA1AF1F09200B4DA8D /* AppDelegate.m in Sources */,
				DBF24E091AF1F1CB00B4DA8D /* main.m in Sources */,
				DBCED8D31B8889C800C9885B /* MBProgressHUD+Ext.m in Sources */,
				DB6157DF1BA9C69800235864 /* JQBezierIconController.m in Sources */,
				90FA3C511BEA0623003ABE02 /* TableViewTest1Cell.m in Sources */,
				DB93499A1B7F9D050086A490 /* SlideBackNavigationController.m in Sources */,
				904746271C888B21000DFE79 /* CoreDataViewController.m in Sources */,
				9005976D1C7AD3C5001C31FA /* GalleryImagePickerController.m in Sources */,
				DB29E5E91B8CA937006B35B3 /* BaseViewController.m in Sources */,
				DB6157DC1BA9C20800235864 /* UIImage+Icon.m in Sources */,
				DBCED8CF1B8881A300C9885B /* PaintPath.m in Sources */,
				DBED16501B8CD70C00A25D50 /* RoundButton.m in Sources */,
				90A8D2C11C84406900315B3F /* OpenGLView.m in Sources */,
				DB223FE41B831D350028847D /* OpenAppURLMainController.m in Sources */,
				DB29E5EC1B8CA94F006B35B3 /* BaseTableViewController.m in Sources */,
				90C3A0ED1C85730200312C5C /* CC3GLMatrix.m in Sources */,
				DB9349881B7F938D0086A490 /* SlideBackMainController.m in Sources */,
				9005976E1C7AD3C5001C31FA /* GalleryImagePickerView.m in Sources */,
				90FA3C4D1BEA0526003ABE02 /* TableViewTestController.m in Sources */,
				904746001C882336000DFE79 /* DocViewController.m in Sources */,
				DBF24DFB1AF1F09200B4DA8D /* MainViewController.m in Sources */,
				90C3A0EC1C85730200312C5C /* CC3Foundation.m in Sources */,
				DB9349931B7F94890086A490 /* AViewController.m in Sources */,
				DB9349921B7F94890086A490 /* A3ViewController.m in Sources */,
				DB9349941B7F948A0086A490 /* BViewController.m in Sources */,
				DBC712881B046AD700A690C5 /* JQTestViewController.m in Sources */,
				90ED03321BF08E510020933E /* ContactViewController.m in Sources */,
				DB9349911B7F94890086A490 /* A2ViewController.m in Sources */,
				903C7FBD1BAADA54004AA3C2 /* MeowButton.m in Sources */,
				90C3A0EF1C85730200312C5C /* CC3Math.m in Sources */,
				90032D0C1BEF04E700F41ED3 /* UIImage+CustomImage.m in Sources */,
				DBED16531B8CD73100A25D50 /* RoundButtonMainController.m in Sources */,
			);
			runOnlyForDeploymentPostprocessing = 0;
		};
		DBF24DD91AF1CE1900B4DA8D /* Sources */ = {
			isa = PBXSourcesBuildPhase;
			buildActionMask = 2147483647;
			files = (
				DBF24DE41AF1CE1900B4DA8D /* JQDemoProgramTests.m in Sources */,
			);
			runOnlyForDeploymentPostprocessing = 0;
		};
/* End PBXSourcesBuildPhase section */

/* Begin PBXTargetDependency section */
		DBF24DDF1AF1CE1900B4DA8D /* PBXTargetDependency */ = {
			isa = PBXTargetDependency;
			target = DBF24DC31AF1CE1900B4DA8D /* JQDemoProgram */;
			targetProxy = DBF24DDE1AF1CE1900B4DA8D /* PBXContainerItemProxy */;
		};
/* End PBXTargetDependency section */

/* Begin PBXVariantGroup section */
		DBF24DD11AF1CE1900B4DA8D /* Main.storyboard */ = {
			isa = PBXVariantGroup;
			children = (
				DBF24DD21AF1CE1900B4DA8D /* Base */,
			);
			name = Main.storyboard;
			path = ..;
			sourceTree = "<group>";
		};
		DBF24DD61AF1CE1900B4DA8D /* LaunchScreen.xib */ = {
			isa = PBXVariantGroup;
			children = (
				DBF24DD71AF1CE1900B4DA8D /* Base */,
			);
			name = LaunchScreen.xib;
			path = ..;
			sourceTree = "<group>";
		};
/* End PBXVariantGroup section */

/* Begin XCBuildConfiguration section */
		DBF24DE51AF1CE1900B4DA8D /* Debug */ = {
			isa = XCBuildConfiguration;
			buildSettings = {
				ALWAYS_SEARCH_USER_PATHS = NO;
				CLANG_CXX_LANGUAGE_STANDARD = "gnu++0x";
				CLANG_CXX_LIBRARY = "libc++";
				CLANG_ENABLE_MODULES = YES;
				CLANG_ENABLE_OBJC_ARC = YES;
				CLANG_WARN_BOOL_CONVERSION = YES;
				CLANG_WARN_CONSTANT_CONVERSION = YES;
				CLANG_WARN_DIRECT_OBJC_ISA_USAGE = YES_ERROR;
				CLANG_WARN_EMPTY_BODY = YES;
				CLANG_WARN_ENUM_CONVERSION = YES;
				CLANG_WARN_INT_CONVERSION = YES;
				CLANG_WARN_OBJC_ROOT_CLASS = YES_ERROR;
				CLANG_WARN_UNREACHABLE_CODE = YES;
				CLANG_WARN__DUPLICATE_METHOD_MATCH = YES;
				"CODE_SIGN_IDENTITY[sdk=iphoneos*]" = "iPhone Developer";
				COPY_PHASE_STRIP = NO;
				DEBUG_INFORMATION_FORMAT = "dwarf-with-dsym";
				ENABLE_STRICT_OBJC_MSGSEND = YES;
				GCC_C_LANGUAGE_STANDARD = gnu99;
				GCC_DYNAMIC_NO_PIC = NO;
				GCC_NO_COMMON_BLOCKS = YES;
				GCC_OPTIMIZATION_LEVEL = 0;
				GCC_PREPROCESSOR_DEFINITIONS = (
					"DEBUG=1",
					"$(inherited)",
				);
				GCC_SYMBOLS_PRIVATE_EXTERN = NO;
				GCC_WARN_64_TO_32_BIT_CONVERSION = YES;
				GCC_WARN_ABOUT_RETURN_TYPE = YES_ERROR;
				GCC_WARN_UNDECLARED_SELECTOR = YES;
				GCC_WARN_UNINITIALIZED_AUTOS = YES_AGGRESSIVE;
				GCC_WARN_UNUSED_FUNCTION = YES;
				GCC_WARN_UNUSED_VARIABLE = YES;
				IPHONEOS_DEPLOYMENT_TARGET = 8.3;
				MTL_ENABLE_DEBUG_INFO = YES;
				ONLY_ACTIVE_ARCH = YES;
				SDKROOT = iphoneos;
				TARGETED_DEVICE_FAMILY = "1,2";
			};
			name = Debug;
		};
		DBF24DE61AF1CE1900B4DA8D /* Release */ = {
			isa = XCBuildConfiguration;
			buildSettings = {
				ALWAYS_SEARCH_USER_PATHS = NO;
				CLANG_CXX_LANGUAGE_STANDARD = "gnu++0x";
				CLANG_CXX_LIBRARY = "libc++";
				CLANG_ENABLE_MODULES = YES;
				CLANG_ENABLE_OBJC_ARC = YES;
				CLANG_WARN_BOOL_CONVERSION = YES;
				CLANG_WARN_CONSTANT_CONVERSION = YES;
				CLANG_WARN_DIRECT_OBJC_ISA_USAGE = YES_ERROR;
				CLANG_WARN_EMPTY_BODY = YES;
				CLANG_WARN_ENUM_CONVERSION = YES;
				CLANG_WARN_INT_CONVERSION = YES;
				CLANG_WARN_OBJC_ROOT_CLASS = YES_ERROR;
				CLANG_WARN_UNREACHABLE_CODE = YES;
				CLANG_WARN__DUPLICATE_METHOD_MATCH = YES;
				"CODE_SIGN_IDENTITY[sdk=iphoneos*]" = "iPhone Developer";
				COPY_PHASE_STRIP = NO;
				DEBUG_INFORMATION_FORMAT = "dwarf-with-dsym";
				ENABLE_NS_ASSERTIONS = NO;
				ENABLE_STRICT_OBJC_MSGSEND = YES;
				GCC_C_LANGUAGE_STANDARD = gnu99;
				GCC_NO_COMMON_BLOCKS = YES;
				GCC_WARN_64_TO_32_BIT_CONVERSION = YES;
				GCC_WARN_ABOUT_RETURN_TYPE = YES_ERROR;
				GCC_WARN_UNDECLARED_SELECTOR = YES;
				GCC_WARN_UNINITIALIZED_AUTOS = YES_AGGRESSIVE;
				GCC_WARN_UNUSED_FUNCTION = YES;
				GCC_WARN_UNUSED_VARIABLE = YES;
				IPHONEOS_DEPLOYMENT_TARGET = 8.3;
				MTL_ENABLE_DEBUG_INFO = NO;
				SDKROOT = iphoneos;
				TARGETED_DEVICE_FAMILY = "1,2";
				VALIDATE_PRODUCT = YES;
			};
			name = Release;
		};
		DBF24DE81AF1CE1900B4DA8D /* Debug */ = {
			isa = XCBuildConfiguration;
			baseConfigurationReference = 45E12324B0F059D6572D1EBF /* Pods-JQDemoProgram.debug.xcconfig */;
			buildSettings = {
				ASSETCATALOG_COMPILER_APPICON_NAME = AppIcon;
				CODE_SIGN_IDENTITY = "iPhone Developer";
				GCC_PRECOMPILE_PREFIX_HEADER = YES;
				GCC_PREFIX_HEADER = "$(SRCROOT)/JQDemoProgram/Main/PrefixHeader.pch";
				INFOPLIST_FILE = JQDemoProgram/Info.plist;
				IPHONEOS_DEPLOYMENT_TARGET = 7.0;
				LD_RUNPATH_SEARCH_PATHS = "$(inherited) @executable_path/Frameworks";
				LIBRARY_SEARCH_PATHS = (
					"$(inherited)",
					"$(PROJECT_DIR)/JQDemoProgram/Libs/UMengFeedback",
					"$(PROJECT_DIR)/JQDemoProgram/Libs/UMengFeedback/UMOpus",
				);
				PRODUCT_NAME = "$(TARGET_NAME)";
			};
			name = Debug;
		};
		DBF24DE91AF1CE1900B4DA8D /* Release */ = {
			isa = XCBuildConfiguration;
			baseConfigurationReference = D8D8AAD375AEDABB21909F4A /* Pods-JQDemoProgram.release.xcconfig */;
			buildSettings = {
				ASSETCATALOG_COMPILER_APPICON_NAME = AppIcon;
				CODE_SIGN_IDENTITY = "iPhone Developer";
				GCC_PRECOMPILE_PREFIX_HEADER = YES;
				GCC_PREFIX_HEADER = "$(SRCROOT)/JQDemoProgram/Main/PrefixHeader.pch";
				INFOPLIST_FILE = JQDemoProgram/Info.plist;
				IPHONEOS_DEPLOYMENT_TARGET = 7.0;
				LD_RUNPATH_SEARCH_PATHS = "$(inherited) @executable_path/Frameworks";
				LIBRARY_SEARCH_PATHS = (
					"$(inherited)",
					"$(PROJECT_DIR)/JQDemoProgram/Libs/UMengFeedback",
					"$(PROJECT_DIR)/JQDemoProgram/Libs/UMengFeedback/UMOpus",
				);
				PRODUCT_NAME = "$(TARGET_NAME)";
			};
			name = Release;
		};
		DBF24DEB1AF1CE1900B4DA8D /* Debug */ = {
			isa = XCBuildConfiguration;
			buildSettings = {
				BUNDLE_LOADER = "$(TEST_HOST)";
				FRAMEWORK_SEARCH_PATHS = (
					"$(SDKROOT)/Developer/Library/Frameworks",
					"$(inherited)",
				);
				GCC_PREPROCESSOR_DEFINITIONS = (
					"DEBUG=1",
					"$(inherited)",
				);
				INFOPLIST_FILE = JQDemoProgramTests/Info.plist;
				LD_RUNPATH_SEARCH_PATHS = "$(inherited) @executable_path/Frameworks @loader_path/Frameworks";
				PRODUCT_NAME = "$(TARGET_NAME)";
				TEST_HOST = "$(BUILT_PRODUCTS_DIR)/JQDemoProgram.app/JQDemoProgram";
			};
			name = Debug;
		};
		DBF24DEC1AF1CE1900B4DA8D /* Release */ = {
			isa = XCBuildConfiguration;
			buildSettings = {
				BUNDLE_LOADER = "$(TEST_HOST)";
				FRAMEWORK_SEARCH_PATHS = (
					"$(SDKROOT)/Developer/Library/Frameworks",
					"$(inherited)",
				);
				INFOPLIST_FILE = JQDemoProgramTests/Info.plist;
				LD_RUNPATH_SEARCH_PATHS = "$(inherited) @executable_path/Frameworks @loader_path/Frameworks";
				PRODUCT_NAME = "$(TARGET_NAME)";
				TEST_HOST = "$(BUILT_PRODUCTS_DIR)/JQDemoProgram.app/JQDemoProgram";
			};
			name = Release;
		};
/* End XCBuildConfiguration section */

/* Begin XCConfigurationList section */
		DBF24DBF1AF1CE1900B4DA8D /* Build configuration list for PBXProject "JQDemoProgram" */ = {
			isa = XCConfigurationList;
			buildConfigurations = (
				DBF24DE51AF1CE1900B4DA8D /* Debug */,
				DBF24DE61AF1CE1900B4DA8D /* Release */,
			);
			defaultConfigurationIsVisible = 0;
			defaultConfigurationName = Release;
		};
		DBF24DE71AF1CE1900B4DA8D /* Build configuration list for PBXNativeTarget "JQDemoProgram" */ = {
			isa = XCConfigurationList;
			buildConfigurations = (
				DBF24DE81AF1CE1900B4DA8D /* Debug */,
				DBF24DE91AF1CE1900B4DA8D /* Release */,
			);
			defaultConfigurationIsVisible = 0;
			defaultConfigurationName = Release;
		};
		DBF24DEA1AF1CE1900B4DA8D /* Build configuration list for PBXNativeTarget "JQDemoProgramTests" */ = {
			isa = XCConfigurationList;
			buildConfigurations = (
				DBF24DEB1AF1CE1900B4DA8D /* Debug */,
				DBF24DEC1AF1CE1900B4DA8D /* Release */,
			);
			defaultConfigurationIsVisible = 0;
			defaultConfigurationName = Release;
		};
/* End XCConfigurationList section */

/* Begin XCVersionGroup section */
		904746281C8897CD000DFE79 /* Main.xcdatamodeld */ = {
			isa = XCVersionGroup;
			children = (
				904746291C8897CD000DFE79 /* Main.xcdatamodel */,
			);
			currentVersion = 904746291C8897CD000DFE79 /* Main.xcdatamodel */;
			name = Main.xcdatamodeld;
			path = Demos/CoreData/Main.xcdatamodeld;
			sourceTree = "<group>";
			versionGroupType = wrapper.xcdatamodel;
		};
/* End XCVersionGroup section */
	};
	rootObject = DBF24DBC1AF1CE1900B4DA8D /* Project object */;
}
